// !$*UTF8*$!
{
	archiveVersion = 1;
	classes = {
	};
	objectVersion = 60;
	objects = {

/* Begin PBXBuildFile section */
		931C201F2CC7E9FD0087E7AD /* LandingButton.swift in Sources */ = {isa = PBXBuildFile; fileRef = 931C201E2CC7E9FD0087E7AD /* LandingButton.swift */; };
		CE42AAFF2CCA12790057ECFB /* ViewDidLoadModifier.swift in Sources */ = {isa = PBXBuildFile; fileRef = CE42AAFE2CCA12790057ECFB /* ViewDidLoadModifier.swift */; };
		CE42AB042CCA23B80057ECFB /* LandingScreen.swift in Sources */ = {isa = PBXBuildFile; fileRef = CE42AB032CCA23B80057ECFB /* LandingScreen.swift */; };
		CE42AB082CCA36650057ECFB /* User.swift in Sources */ = {isa = PBXBuildFile; fileRef = CE42AB072CCA36650057ECFB /* User.swift */; };
		CE42AB0C2CCA54FC0057ECFB /* ShopViewModel.swift in Sources */ = {isa = PBXBuildFile; fileRef = CE42AB0B2CCA54FC0057ECFB /* ShopViewModel.swift */; };
		CE42AB102CCA55720057ECFB /* ShopViewModeling.swift in Sources */ = {isa = PBXBuildFile; fileRef = CE42AB0F2CCA55720057ECFB /* ShopViewModeling.swift */; };
		CE42AB122CCA55EF0057ECFB /* ShopRepository.swift in Sources */ = {isa = PBXBuildFile; fileRef = CE42AB112CCA55EF0057ECFB /* ShopRepository.swift */; };
		CE42AB142CCA56550057ECFB /* Shop.swift in Sources */ = {isa = PBXBuildFile; fileRef = CE42AB132CCA56540057ECFB /* Shop.swift */; };
		CE42AB162CCA5CAB0057ECFB /* ShopScreen.swift in Sources */ = {isa = PBXBuildFile; fileRef = CE42AB152CCA5CAB0057ECFB /* ShopScreen.swift */; };
		CE42AB182CCA64BC0057ECFB /* GetShops.graphql in Resources */ = {isa = PBXBuildFile; fileRef = CE42AB172CCA64BC0057ECFB /* GetShops.graphql */; };
		CE42AB1A2CCA677D0057ECFB /* ShopCell.swift in Sources */ = {isa = PBXBuildFile; fileRef = CE42AB192CCA677D0057ECFB /* ShopCell.swift */; };
		CE42AB1C2CCA703C0057ECFB /* SearchBar.swift in Sources */ = {isa = PBXBuildFile; fileRef = CE42AB1B2CCA703C0057ECFB /* SearchBar.swift */; };
		CE42AB1E2CCA93B40057ECFB /* SkeletonEffect.swift in Sources */ = {isa = PBXBuildFile; fileRef = CE42AB1D2CCA93B40057ECFB /* SkeletonEffect.swift */; };
		CE42AB202CCA94220057ECFB /* SkeletonView.swift in Sources */ = {isa = PBXBuildFile; fileRef = CE42AB1F2CCA94220057ECFB /* SkeletonView.swift */; };
		CE98D2BF2CC775FB0017E477 /* RegistrationScreen.swift in Sources */ = {isa = PBXBuildFile; fileRef = CE98D2BE2CC775FB0017E477 /* RegistrationScreen.swift */; };
		CE98D2C62CC778780017E477 /* NavigationBar.swift in Sources */ = {isa = PBXBuildFile; fileRef = CE98D2C52CC778780017E477 /* NavigationBar.swift */; };
		CE98D2C82CC77C290017E477 /* Optional+Ext.swift in Sources */ = {isa = PBXBuildFile; fileRef = CE98D2C72CC77C290017E477 /* Optional+Ext.swift */; };
		CE98D2CA2CC77DFE0017E477 /* InputField.swift in Sources */ = {isa = PBXBuildFile; fileRef = CE98D2C92CC77DFE0017E477 /* InputField.swift */; };
		CE98D2CC2CC786390017E477 /* View+Ext.swift in Sources */ = {isa = PBXBuildFile; fileRef = CE98D2CB2CC786390017E477 /* View+Ext.swift */; };
		CE98D2CF2CC787340017E477 /* Font+Karma.swift in Sources */ = {isa = PBXBuildFile; fileRef = CE98D2CE2CC787340017E477 /* Font+Karma.swift */; };
		CE98D2D52CC787780017E477 /* Karma-Light.ttf in Resources */ = {isa = PBXBuildFile; fileRef = CE98D2D12CC787780017E477 /* Karma-Light.ttf */; };
		CE98D2D62CC787780017E477 /* Karma-Regular.ttf in Resources */ = {isa = PBXBuildFile; fileRef = CE98D2D32CC787780017E477 /* Karma-Regular.ttf */; };
		CE98D2D72CC787780017E477 /* Karma-SemiBold.ttf in Resources */ = {isa = PBXBuildFile; fileRef = CE98D2D42CC787780017E477 /* Karma-SemiBold.ttf */; };
		CE98D2D82CC787780017E477 /* Karma-Bold.ttf in Resources */ = {isa = PBXBuildFile; fileRef = CE98D2D02CC787780017E477 /* Karma-Bold.ttf */; };
		CE98D2D92CC787780017E477 /* Karma-Medium.ttf in Resources */ = {isa = PBXBuildFile; fileRef = CE98D2D22CC787780017E477 /* Karma-Medium.ttf */; };
		CE98D2DC2CC792E30017E477 /* RoundedButton.swift in Sources */ = {isa = PBXBuildFile; fileRef = CE98D2DB2CC792E30017E477 /* RoundedButton.swift */; };
		CE98D2DF2CC795B40017E477 /* RoundedButtonStyle.swift in Sources */ = {isa = PBXBuildFile; fileRef = CE98D2DE2CC795B40017E477 /* RoundedButtonStyle.swift */; };
		CE98D2E12CC79A600017E477 /* RegistrationViewModel.swift in Sources */ = {isa = PBXBuildFile; fileRef = CE98D2E02CC79A600017E477 /* RegistrationViewModel.swift */; };
		CE98D2E32CC79D540017E477 /* UINavigationController+Ext.swift in Sources */ = {isa = PBXBuildFile; fileRef = CE98D2E22CC79D540017E477 /* UINavigationController+Ext.swift */; };
		CE98D2E62CC7C1270017E477 /* ResignKeyboardOnDragModifier.swift in Sources */ = {isa = PBXBuildFile; fileRef = CE98D2E52CC7C1270017E477 /* ResignKeyboardOnDragModifier.swift */; };
		CE98D2E82CC7C1920017E477 /* DisableBouncesModifier.swift in Sources */ = {isa = PBXBuildFile; fileRef = CE98D2E72CC7C1920017E477 /* DisableBouncesModifier.swift */; };
		CE98D2EA2CC7C2CD0017E477 /* FieldErrorModifier.swift in Sources */ = {isa = PBXBuildFile; fileRef = CE98D2E92CC7C2CD0017E477 /* FieldErrorModifier.swift */; };
		CE98D2EC2CC80BFB0017E477 /* NavigationRouter.swift in Sources */ = {isa = PBXBuildFile; fileRef = CE98D2EB2CC80BFB0017E477 /* NavigationRouter.swift */; };
		CE98D2EF2CC80C7E0017E477 /* Console.swift in Sources */ = {isa = PBXBuildFile; fileRef = CE98D2EE2CC80C7E0017E477 /* Console.swift */; };
		CE98D2F42CC8ED2D0017E477 /* String+Ext.swift in Sources */ = {isa = PBXBuildFile; fileRef = F3C8CBA52CC6A61D002DE72A /* String+Ext.swift */; };
		CE98D2F62CC936FC0017E477 /* RegistrationRepository.swift in Sources */ = {isa = PBXBuildFile; fileRef = CE98D2F52CC936FC0017E477 /* RegistrationRepository.swift */; };
		CE98D2FB2CC93B2D0017E477 /* SignUp.graphql in Resources */ = {isa = PBXBuildFile; fileRef = CE98D2FA2CC93B2D0017E477 /* SignUp.graphql */; };
		E7BD1C662CC7CD1700EC70FE /* SignInViewModel.swift in Sources */ = {isa = PBXBuildFile; fileRef = E7BD1C652CC7CD0B00EC70FE /* SignInViewModel.swift */; };
		E7BD1C692CC7CD4800EC70FE /* SignInScreen.swift in Sources */ = {isa = PBXBuildFile; fileRef = E7BD1C682CC7CD4800EC70FE /* SignInScreen.swift */; };
		F3C8CB5D2CC66048002DE72A /* AppoloClient.swift in Sources */ = {isa = PBXBuildFile; fileRef = F3C8CB5C2CC66048002DE72A /* AppoloClient.swift */; };
		F3C8CB6F2CC67A03002DE72A /* BirthDayAPI in Frameworks */ = {isa = PBXBuildFile; productRef = F3C8CB6E2CC67A03002DE72A /* BirthDayAPI */; };
		F3C8CB732CC680AD002DE72A /* GetBirthdays.graphql in Resources */ = {isa = PBXBuildFile; fileRef = F3C8CB6B2CC6783F002DE72A /* GetBirthdays.graphql */; };
		F3C8CB762CC682C9002DE72A /* GraphQLRepository.swift in Sources */ = {isa = PBXBuildFile; fileRef = F3C8CB752CC682C9002DE72A /* GraphQLRepository.swift */; };
		F3C8CB792CC68E90002DE72A /* Apollo in Frameworks */ = {isa = PBXBuildFile; productRef = F3C8CB782CC68E90002DE72A /* Apollo */; };
		F3C8CB7B2CC68E90002DE72A /* ApolloAPI in Frameworks */ = {isa = PBXBuildFile; productRef = F3C8CB7A2CC68E90002DE72A /* ApolloAPI */; };
		F3C8CB7D2CC68E90002DE72A /* ApolloSQLite in Frameworks */ = {isa = PBXBuildFile; productRef = F3C8CB7C2CC68E90002DE72A /* ApolloSQLite */; };
		F3C8CB9B2CC6A5F2002DE72A /* BirthdayApp.swift in Sources */ = {isa = PBXBuildFile; fileRef = F3C8CB9A2CC6A5F2002DE72A /* BirthdayApp.swift */; };
		F3C8CB9E2CC6A612002DE72A /* Preview Assets.xcassets in Resources */ = {isa = PBXBuildFile; fileRef = F3C8CB9D2CC6A612002DE72A /* Preview Assets.xcassets */; };
		F3C8CBAB2CC6A61D002DE72A /* ContentView.swift in Sources */ = {isa = PBXBuildFile; fileRef = F3C8CBA02CC6A61D002DE72A /* ContentView.swift */; };
		F3C8CBAC2CC6A61D002DE72A /* Assets.xcassets in Resources */ = {isa = PBXBuildFile; fileRef = F3C8CBA22CC6A61D002DE72A /* Assets.xcassets */; };
		F3C8CBAF2CC6A61D002DE72A /* Localizable.strings in Resources */ = {isa = PBXBuildFile; fileRef = F3C8CBA82CC6A61D002DE72A /* Localizable.strings */; };
		F3C8CBB42CC7845F002DE72A /* TabModel.swift in Sources */ = {isa = PBXBuildFile; fileRef = F3C8CBB32CC7845F002DE72A /* TabModel.swift */; };
		F3C8CBB72CC78681002DE72A /* TabView.swift in Sources */ = {isa = PBXBuildFile; fileRef = F3C8CBB62CC78681002DE72A /* TabView.swift */; };
		F3C8CBB92CC78830002DE72A /* TabBarView.swift in Sources */ = {isa = PBXBuildFile; fileRef = F3C8CBB82CC78830002DE72A /* TabBarView.swift */; };
		F3C8CBC32CC789AA002DE72A /* HomeScreen.swift in Sources */ = {isa = PBXBuildFile; fileRef = F3C8CBC22CC789AA002DE72A /* HomeScreen.swift */; };
		F3C8CBC72CC789EE002DE72A /* AddBirthdayScreen.swift in Sources */ = {isa = PBXBuildFile; fileRef = F3C8CBC62CC789EE002DE72A /* AddBirthdayScreen.swift */; };
		F3C8CBC92CC78A12002DE72A /* ProfileScreen.swift in Sources */ = {isa = PBXBuildFile; fileRef = F3C8CBC82CC78A12002DE72A /* ProfileScreen.swift */; };
		F3C8CBEA2CC7AAFC002DE72A /* HomeRepository.swift in Sources */ = {isa = PBXBuildFile; fileRef = F3C8CBE92CC7AAFC002DE72A /* HomeRepository.swift */; };
		F3C8CBF02CC7B3F0002DE72A /* HomeViewModeling.swift in Sources */ = {isa = PBXBuildFile; fileRef = F3C8CBEF2CC7B3F0002DE72A /* HomeViewModeling.swift */; };
		F3C8CBF22CC7B441002DE72A /* HomeViewModel.swift in Sources */ = {isa = PBXBuildFile; fileRef = F3C8CBF12CC7B441002DE72A /* HomeViewModel.swift */; };
		F3C8CBF72CC7B9EF002DE72A /* BirthdayModel.swift in Sources */ = {isa = PBXBuildFile; fileRef = F3C8CBF62CC7B9EF002DE72A /* BirthdayModel.swift */; };
		F3C8CBF92CC7BB4D002DE72A /* BirthDayCell.swift in Sources */ = {isa = PBXBuildFile; fileRef = F3C8CBF82CC7BB4D002DE72A /* BirthDayCell.swift */; };
/* End PBXBuildFile section */

/* Begin PBXFileReference section */
		931C201E2CC7E9FD0087E7AD /* LandingButton.swift */ = {isa = PBXFileReference; lastKnownFileType = sourcecode.swift; path = LandingButton.swift; sourceTree = "<group>"; };
		CE42AAFE2CCA12790057ECFB /* ViewDidLoadModifier.swift */ = {isa = PBXFileReference; lastKnownFileType = sourcecode.swift; path = ViewDidLoadModifier.swift; sourceTree = "<group>"; };
		CE42AB032CCA23B80057ECFB /* LandingScreen.swift */ = {isa = PBXFileReference; lastKnownFileType = sourcecode.swift; path = LandingScreen.swift; sourceTree = "<group>"; };
		CE42AB072CCA36650057ECFB /* User.swift */ = {isa = PBXFileReference; lastKnownFileType = sourcecode.swift; path = User.swift; sourceTree = "<group>"; };
		CE42AB0B2CCA54FC0057ECFB /* ShopViewModel.swift */ = {isa = PBXFileReference; lastKnownFileType = sourcecode.swift; path = ShopViewModel.swift; sourceTree = "<group>"; };
		CE42AB0F2CCA55720057ECFB /* ShopViewModeling.swift */ = {isa = PBXFileReference; lastKnownFileType = sourcecode.swift; path = ShopViewModeling.swift; sourceTree = "<group>"; };
		CE42AB112CCA55EF0057ECFB /* ShopRepository.swift */ = {isa = PBXFileReference; lastKnownFileType = sourcecode.swift; path = ShopRepository.swift; sourceTree = "<group>"; };
		CE42AB132CCA56540057ECFB /* Shop.swift */ = {isa = PBXFileReference; lastKnownFileType = sourcecode.swift; path = Shop.swift; sourceTree = "<group>"; };
		CE42AB152CCA5CAB0057ECFB /* ShopScreen.swift */ = {isa = PBXFileReference; lastKnownFileType = sourcecode.swift; path = ShopScreen.swift; sourceTree = "<group>"; };
		CE42AB172CCA64BC0057ECFB /* GetShops.graphql */ = {isa = PBXFileReference; lastKnownFileType = text; path = GetShops.graphql; sourceTree = "<group>"; };
		CE42AB192CCA677D0057ECFB /* ShopCell.swift */ = {isa = PBXFileReference; lastKnownFileType = sourcecode.swift; path = ShopCell.swift; sourceTree = "<group>"; };
		CE42AB1B2CCA703C0057ECFB /* SearchBar.swift */ = {isa = PBXFileReference; lastKnownFileType = sourcecode.swift; path = SearchBar.swift; sourceTree = "<group>"; };
		CE42AB1D2CCA93B40057ECFB /* SkeletonEffect.swift */ = {isa = PBXFileReference; lastKnownFileType = sourcecode.swift; path = SkeletonEffect.swift; sourceTree = "<group>"; };
		CE42AB1F2CCA94220057ECFB /* SkeletonView.swift */ = {isa = PBXFileReference; lastKnownFileType = sourcecode.swift; path = SkeletonView.swift; sourceTree = "<group>"; };
		CE98D2BE2CC775FB0017E477 /* RegistrationScreen.swift */ = {isa = PBXFileReference; lastKnownFileType = sourcecode.swift; path = RegistrationScreen.swift; sourceTree = "<group>"; };
		CE98D2C52CC778780017E477 /* NavigationBar.swift */ = {isa = PBXFileReference; lastKnownFileType = sourcecode.swift; path = NavigationBar.swift; sourceTree = "<group>"; };
		CE98D2C72CC77C290017E477 /* Optional+Ext.swift */ = {isa = PBXFileReference; lastKnownFileType = sourcecode.swift; path = "Optional+Ext.swift"; sourceTree = "<group>"; };
		CE98D2C92CC77DFE0017E477 /* InputField.swift */ = {isa = PBXFileReference; lastKnownFileType = sourcecode.swift; path = InputField.swift; sourceTree = "<group>"; };
		CE98D2CB2CC786390017E477 /* View+Ext.swift */ = {isa = PBXFileReference; lastKnownFileType = sourcecode.swift; path = "View+Ext.swift"; sourceTree = "<group>"; };
		CE98D2CE2CC787340017E477 /* Font+Karma.swift */ = {isa = PBXFileReference; lastKnownFileType = sourcecode.swift; path = "Font+Karma.swift"; sourceTree = "<group>"; };
		CE98D2D02CC787780017E477 /* Karma-Bold.ttf */ = {isa = PBXFileReference; lastKnownFileType = file; path = "Karma-Bold.ttf"; sourceTree = "<group>"; };
		CE98D2D12CC787780017E477 /* Karma-Light.ttf */ = {isa = PBXFileReference; lastKnownFileType = file; path = "Karma-Light.ttf"; sourceTree = "<group>"; };
		CE98D2D22CC787780017E477 /* Karma-Medium.ttf */ = {isa = PBXFileReference; lastKnownFileType = file; path = "Karma-Medium.ttf"; sourceTree = "<group>"; };
		CE98D2D32CC787780017E477 /* Karma-Regular.ttf */ = {isa = PBXFileReference; lastKnownFileType = file; path = "Karma-Regular.ttf"; sourceTree = "<group>"; };
		CE98D2D42CC787780017E477 /* Karma-SemiBold.ttf */ = {isa = PBXFileReference; lastKnownFileType = file; path = "Karma-SemiBold.ttf"; sourceTree = "<group>"; };
		CE98D2DA2CC787B80017E477 /* Info.plist */ = {isa = PBXFileReference; lastKnownFileType = text.plist.xml; path = Info.plist; sourceTree = "<group>"; };
		CE98D2DB2CC792E30017E477 /* RoundedButton.swift */ = {isa = PBXFileReference; lastKnownFileType = sourcecode.swift; path = RoundedButton.swift; sourceTree = "<group>"; };
		CE98D2DE2CC795B40017E477 /* RoundedButtonStyle.swift */ = {isa = PBXFileReference; lastKnownFileType = sourcecode.swift; path = RoundedButtonStyle.swift; sourceTree = "<group>"; };
		CE98D2E02CC79A600017E477 /* RegistrationViewModel.swift */ = {isa = PBXFileReference; lastKnownFileType = sourcecode.swift; path = RegistrationViewModel.swift; sourceTree = "<group>"; };
		CE98D2E22CC79D540017E477 /* UINavigationController+Ext.swift */ = {isa = PBXFileReference; lastKnownFileType = sourcecode.swift; path = "UINavigationController+Ext.swift"; sourceTree = "<group>"; };
		CE98D2E52CC7C1270017E477 /* ResignKeyboardOnDragModifier.swift */ = {isa = PBXFileReference; lastKnownFileType = sourcecode.swift; path = ResignKeyboardOnDragModifier.swift; sourceTree = "<group>"; };
		CE98D2E72CC7C1920017E477 /* DisableBouncesModifier.swift */ = {isa = PBXFileReference; lastKnownFileType = sourcecode.swift; path = DisableBouncesModifier.swift; sourceTree = "<group>"; };
		CE98D2E92CC7C2CD0017E477 /* FieldErrorModifier.swift */ = {isa = PBXFileReference; lastKnownFileType = sourcecode.swift; path = FieldErrorModifier.swift; sourceTree = "<group>"; };
		CE98D2EB2CC80BFB0017E477 /* NavigationRouter.swift */ = {isa = PBXFileReference; lastKnownFileType = sourcecode.swift; path = NavigationRouter.swift; sourceTree = "<group>"; };
		CE98D2EE2CC80C7E0017E477 /* Console.swift */ = {isa = PBXFileReference; lastKnownFileType = sourcecode.swift; path = Console.swift; sourceTree = "<group>"; };
		CE98D2F52CC936FC0017E477 /* RegistrationRepository.swift */ = {isa = PBXFileReference; lastKnownFileType = sourcecode.swift; path = RegistrationRepository.swift; sourceTree = "<group>"; };
		CE98D2FA2CC93B2D0017E477 /* SignUp.graphql */ = {isa = PBXFileReference; lastKnownFileType = text; path = SignUp.graphql; sourceTree = "<group>"; };
		E7BD1C652CC7CD0B00EC70FE /* SignInViewModel.swift */ = {isa = PBXFileReference; lastKnownFileType = sourcecode.swift; path = SignInViewModel.swift; sourceTree = "<group>"; };
		E7BD1C682CC7CD4800EC70FE /* SignInScreen.swift */ = {isa = PBXFileReference; lastKnownFileType = sourcecode.swift; path = SignInScreen.swift; sourceTree = "<group>"; };
		F3C8CB3B2CC658C6002DE72A /* Birthday.app */ = {isa = PBXFileReference; explicitFileType = wrapper.application; includeInIndex = 0; path = Birthday.app; sourceTree = BUILT_PRODUCTS_DIR; };
		F3C8CB5C2CC66048002DE72A /* AppoloClient.swift */ = {isa = PBXFileReference; lastKnownFileType = sourcecode.swift; path = AppoloClient.swift; sourceTree = "<group>"; };
		F3C8CB6B2CC6783F002DE72A /* GetBirthdays.graphql */ = {isa = PBXFileReference; lastKnownFileType = text; path = GetBirthdays.graphql; sourceTree = "<group>"; };
		F3C8CB752CC682C9002DE72A /* GraphQLRepository.swift */ = {isa = PBXFileReference; lastKnownFileType = sourcecode.swift; path = GraphQLRepository.swift; sourceTree = "<group>"; };
		F3C8CB9A2CC6A5F2002DE72A /* BirthdayApp.swift */ = {isa = PBXFileReference; fileEncoding = 4; lastKnownFileType = sourcecode.swift; path = BirthdayApp.swift; sourceTree = "<group>"; };
		F3C8CB9D2CC6A612002DE72A /* Preview Assets.xcassets */ = {isa = PBXFileReference; lastKnownFileType = folder.assetcatalog; path = "Preview Assets.xcassets"; sourceTree = "<group>"; };
		F3C8CBA02CC6A61D002DE72A /* ContentView.swift */ = {isa = PBXFileReference; fileEncoding = 4; lastKnownFileType = sourcecode.swift; path = ContentView.swift; sourceTree = "<group>"; };
		F3C8CBA22CC6A61D002DE72A /* Assets.xcassets */ = {isa = PBXFileReference; lastKnownFileType = folder.assetcatalog; path = Assets.xcassets; sourceTree = "<group>"; };
		F3C8CBA52CC6A61D002DE72A /* String+Ext.swift */ = {isa = PBXFileReference; fileEncoding = 4; lastKnownFileType = sourcecode.swift; path = "String+Ext.swift"; sourceTree = "<group>"; };
		F3C8CBA92CC6A61D002DE72A /* en */ = {isa = PBXFileReference; lastKnownFileType = text.plist.strings; name = en; path = en.lproj/Localizable.strings; sourceTree = "<group>"; };
		F3C8CBAA2CC6A61D002DE72A /* ru */ = {isa = PBXFileReference; lastKnownFileType = text.plist.strings; name = ru; path = ru.lproj/Localizable.strings; sourceTree = "<group>"; };
		F3C8CBB32CC7845F002DE72A /* TabModel.swift */ = {isa = PBXFileReference; lastKnownFileType = sourcecode.swift; path = TabModel.swift; sourceTree = "<group>"; };
		F3C8CBB62CC78681002DE72A /* TabView.swift */ = {isa = PBXFileReference; lastKnownFileType = sourcecode.swift; path = TabView.swift; sourceTree = "<group>"; };
		F3C8CBB82CC78830002DE72A /* TabBarView.swift */ = {isa = PBXFileReference; lastKnownFileType = sourcecode.swift; path = TabBarView.swift; sourceTree = "<group>"; };
		F3C8CBC22CC789AA002DE72A /* HomeScreen.swift */ = {isa = PBXFileReference; lastKnownFileType = sourcecode.swift; path = HomeScreen.swift; sourceTree = "<group>"; };
		F3C8CBC62CC789EE002DE72A /* AddBirthdayScreen.swift */ = {isa = PBXFileReference; lastKnownFileType = sourcecode.swift; path = AddBirthdayScreen.swift; sourceTree = "<group>"; };
		F3C8CBC82CC78A12002DE72A /* ProfileScreen.swift */ = {isa = PBXFileReference; lastKnownFileType = sourcecode.swift; path = ProfileScreen.swift; sourceTree = "<group>"; };
		F3C8CBE92CC7AAFC002DE72A /* HomeRepository.swift */ = {isa = PBXFileReference; lastKnownFileType = sourcecode.swift; path = HomeRepository.swift; sourceTree = "<group>"; };
		F3C8CBEF2CC7B3F0002DE72A /* HomeViewModeling.swift */ = {isa = PBXFileReference; lastKnownFileType = sourcecode.swift; path = HomeViewModeling.swift; sourceTree = "<group>"; };
		F3C8CBF12CC7B441002DE72A /* HomeViewModel.swift */ = {isa = PBXFileReference; lastKnownFileType = sourcecode.swift; path = HomeViewModel.swift; sourceTree = "<group>"; };
		F3C8CBF62CC7B9EF002DE72A /* BirthdayModel.swift */ = {isa = PBXFileReference; lastKnownFileType = sourcecode.swift; path = BirthdayModel.swift; sourceTree = "<group>"; };
		F3C8CBF82CC7BB4D002DE72A /* BirthDayCell.swift */ = {isa = PBXFileReference; lastKnownFileType = sourcecode.swift; path = BirthDayCell.swift; sourceTree = "<group>"; };
/* End PBXFileReference section */

/* Begin PBXFrameworksBuildPhase section */
		F3C8CB382CC658C6002DE72A /* Frameworks */ = {
			isa = PBXFrameworksBuildPhase;
			buildActionMask = 2147483647;
			files = (
				F3C8CB7B2CC68E90002DE72A /* ApolloAPI in Frameworks */,
				F3C8CB7D2CC68E90002DE72A /* ApolloSQLite in Frameworks */,
				F3C8CB6F2CC67A03002DE72A /* BirthDayAPI in Frameworks */,
				F3C8CB792CC68E90002DE72A /* Apollo in Frameworks */,
			);
			runOnlyForDeploymentPostprocessing = 0;
		};
/* End PBXFrameworksBuildPhase section */

/* Begin PBXGroup section */
		CE42AAFD2CCA10230057ECFB /* Recovered References */ = {
			isa = PBXGroup;
			children = (
			);
			name = "Recovered References";
			sourceTree = "<group>";
		};
		CE42AB002CCA23770057ECFB /* Landing */ = {
			isa = PBXGroup;
			children = (
				CE42AB022CCA238A0057ECFB /* ViewModel */,
				CE42AB012CCA23800057ECFB /* View */,
			);
			path = Landing;
			sourceTree = "<group>";
		};
		CE42AB012CCA23800057ECFB /* View */ = {
			isa = PBXGroup;
			children = (
				CE42AB032CCA23B80057ECFB /* LandingScreen.swift */,
			);
			path = View;
			sourceTree = "<group>";
		};
		CE42AB022CCA238A0057ECFB /* ViewModel */ = {
			isa = PBXGroup;
			children = (
			);
			path = ViewModel;
			sourceTree = "<group>";
		};
		CE42AB052CCA24390057ECFB /* Auth */ = {
			isa = PBXGroup;
			children = (
				CE42AB002CCA23770057ECFB /* Landing */,
				E7BD1C642CC7CCFC00EC70FE /* SignIn */,
				CE98D2F02CC8EB270017E477 /* Registration */,
			);
			path = Auth;
			sourceTree = "<group>";
		};
		CE42AB062CCA365A0057ECFB /* Model */ = {
			isa = PBXGroup;
			children = (
				CE42AB072CCA36650057ECFB /* User.swift */,
			);
			path = Model;
			sourceTree = "<group>";
		};
		CE42AB092CCA54B90057ECFB /* ViewModel */ = {
			isa = PBXGroup;
			children = (
				CE42AB0B2CCA54FC0057ECFB /* ShopViewModel.swift */,
				CE42AB0F2CCA55720057ECFB /* ShopViewModeling.swift */,
			);
			path = ViewModel;
			sourceTree = "<group>";
		};
		CE42AB0A2CCA54C00057ECFB /* Model */ = {
			isa = PBXGroup;
			children = (
				CE42AB132CCA56540057ECFB /* Shop.swift */,
			);
			path = Model;
			sourceTree = "<group>";
		};
		CE98D2C42CC7778E0017E477 /* SubViews */ = {
			isa = PBXGroup;
			children = (
				931C201E2CC7E9FD0087E7AD /* LandingButton.swift */,
				CE98D2C52CC778780017E477 /* NavigationBar.swift */,
				CE98D2C92CC77DFE0017E477 /* InputField.swift */,
				CE98D2DB2CC792E30017E477 /* RoundedButton.swift */,
				CE42AB1B2CCA703C0057ECFB /* SearchBar.swift */,
				CE42AB1F2CCA94220057ECFB /* SkeletonView.swift */,
			);
			path = SubViews;
			sourceTree = "<group>";
		};
		CE98D2CD2CC787080017E477 /* Font */ = {
			isa = PBXGroup;
			children = (
				CE98D2CE2CC787340017E477 /* Font+Karma.swift */,
				CE98D2D02CC787780017E477 /* Karma-Bold.ttf */,
				CE98D2D12CC787780017E477 /* Karma-Light.ttf */,
				CE98D2D22CC787780017E477 /* Karma-Medium.ttf */,
				CE98D2D32CC787780017E477 /* Karma-Regular.ttf */,
				CE98D2D42CC787780017E477 /* Karma-SemiBold.ttf */,
			);
			path = Font;
			sourceTree = "<group>";
		};
		CE98D2DD2CC795A40017E477 /* ButtonStyle */ = {
			isa = PBXGroup;
			children = (
				CE98D2DE2CC795B40017E477 /* RoundedButtonStyle.swift */,
			);
			path = ButtonStyle;
			sourceTree = "<group>";
		};
		CE98D2E42CC7C1060017E477 /* ViewModifiers */ = {
			isa = PBXGroup;
			children = (
				CE98D2E52CC7C1270017E477 /* ResignKeyboardOnDragModifier.swift */,
				CE98D2E72CC7C1920017E477 /* DisableBouncesModifier.swift */,
				CE98D2E92CC7C2CD0017E477 /* FieldErrorModifier.swift */,
				CE42AAFE2CCA12790057ECFB /* ViewDidLoadModifier.swift */,
				CE42AB1D2CCA93B40057ECFB /* SkeletonEffect.swift */,
			);
			path = ViewModifiers;
			sourceTree = "<group>";
		};
		CE98D2ED2CC80C710017E477 /* Logger */ = {
			isa = PBXGroup;
			children = (
				CE98D2EE2CC80C7E0017E477 /* Console.swift */,
			);
			path = Logger;
			sourceTree = "<group>";
		};
		CE98D2F02CC8EB270017E477 /* Registration */ = {
			isa = PBXGroup;
			children = (
				CE42AB062CCA365A0057ECFB /* Model */,
				CE98D2F22CC8EB550017E477 /* ViewModel */,
				CE98D2F12CC8EB370017E477 /* View */,
			);
			path = Registration;
			sourceTree = "<group>";
		};
		CE98D2F12CC8EB370017E477 /* View */ = {
			isa = PBXGroup;
			children = (
				CE98D2BE2CC775FB0017E477 /* RegistrationScreen.swift */,
			);
			path = View;
			sourceTree = "<group>";
		};
		CE98D2F22CC8EB550017E477 /* ViewModel */ = {
			isa = PBXGroup;
			children = (
				CE98D2E02CC79A600017E477 /* RegistrationViewModel.swift */,
			);
			path = ViewModel;
			sourceTree = "<group>";
		};
		CE98D2F92CC93B0C0017E477 /* Mutations */ = {
			isa = PBXGroup;
			children = (
				CE98D2FA2CC93B2D0017E477 /* SignUp.graphql */,
			);
			path = Mutations;
			sourceTree = "<group>";
		};
		E7BD1C642CC7CCFC00EC70FE /* SignIn */ = {
			isa = PBXGroup;
			children = (
				E7BD1C672CC7CD3000EC70FE /* View */,
				E7BD1C6A2CC7CD5F00EC70FE /* ViewModel */,
			);
			path = SignIn;
			sourceTree = "<group>";
		};
		E7BD1C672CC7CD3000EC70FE /* View */ = {
			isa = PBXGroup;
			children = (
				E7BD1C682CC7CD4800EC70FE /* SignInScreen.swift */,
			);
			path = View;
			sourceTree = "<group>";
		};
		E7BD1C6A2CC7CD5F00EC70FE /* ViewModel */ = {
			isa = PBXGroup;
			children = (
				E7BD1C652CC7CD0B00EC70FE /* SignInViewModel.swift */,
			);
			path = ViewModel;
			sourceTree = "<group>";
		};
		F3C8CB322CC658C6002DE72A = {
			isa = PBXGroup;
			children = (
				F3C8CB3D2CC658C6002DE72A /* Birthday */,
				F3C8CB3C2CC658C6002DE72A /* Products */,
				F3C8CB702CC67A5D002DE72A /* Frameworks */,
				CE42AAFD2CCA10230057ECFB /* Recovered References */,
			);
			sourceTree = "<group>";
		};
		F3C8CB3C2CC658C6002DE72A /* Products */ = {
			isa = PBXGroup;
			children = (
				F3C8CB3B2CC658C6002DE72A /* Birthday.app */,
			);
			name = Products;
			sourceTree = "<group>";
		};
		F3C8CB3D2CC658C6002DE72A /* Birthday */ = {
			isa = PBXGroup;
			children = (
				F3C8CB992CC6A5F2002DE72A /* App */,
				F3C8CB572CC65F15002DE72A /* GraphQL */,
				F3C8CBB02CC78417002DE72A /* Modules */,
				F3C8CB9C2CC6A612002DE72A /* Preview Content */,
				F3C8CBA12CC6A61D002DE72A /* Resources */,
				F3C8CBA32CC6A61D002DE72A /* Utils */,
				CE98D2C42CC7778E0017E477 /* SubViews */,
			);
			path = Birthday;
			sourceTree = "<group>";
		};
		F3C8CB572CC65F15002DE72A /* GraphQL */ = {
			isa = PBXGroup;
			children = (
				F3C8CB712CC67E5F002DE72A /* Repository */,
				CE98D2F92CC93B0C0017E477 /* Mutations */,
				F3C8CB5E2CC6607E002DE72A /* Queries */,
				F3C8CB5B2CC66036002DE72A /* Client */,
			);
			path = GraphQL;
			sourceTree = "<group>";
		};
		F3C8CB5B2CC66036002DE72A /* Client */ = {
			isa = PBXGroup;
			children = (
				F3C8CB5C2CC66048002DE72A /* AppoloClient.swift */,
			);
			path = Client;
			sourceTree = "<group>";
		};
		F3C8CB5E2CC6607E002DE72A /* Queries */ = {
			isa = PBXGroup;
			children = (
				F3C8CB6B2CC6783F002DE72A /* GetBirthdays.graphql */,
				CE42AB172CCA64BC0057ECFB /* GetShops.graphql */,
			);
			path = Queries;
			sourceTree = "<group>";
		};
		F3C8CB702CC67A5D002DE72A /* Frameworks */ = {
			isa = PBXGroup;
			children = (
			);
			name = Frameworks;
			sourceTree = "<group>";
		};
		F3C8CB712CC67E5F002DE72A /* Repository */ = {
			isa = PBXGroup;
			children = (
				F3C8CB752CC682C9002DE72A /* GraphQLRepository.swift */,
				F3C8CBE92CC7AAFC002DE72A /* HomeRepository.swift */,
				CE42AB112CCA55EF0057ECFB /* ShopRepository.swift */,
				CE98D2F52CC936FC0017E477 /* RegistrationRepository.swift */,
			);
			path = Repository;
			sourceTree = "<group>";
		};
		F3C8CB992CC6A5F2002DE72A /* App */ = {
			isa = PBXGroup;
			children = (
				F3C8CBA02CC6A61D002DE72A /* ContentView.swift */,
				F3C8CB9A2CC6A5F2002DE72A /* BirthdayApp.swift */,
				CE98D2EB2CC80BFB0017E477 /* NavigationRouter.swift */,
			);
			path = App;
			sourceTree = "<group>";
		};
		F3C8CB9C2CC6A612002DE72A /* Preview Content */ = {
			isa = PBXGroup;
			children = (
				F3C8CB9D2CC6A612002DE72A /* Preview Assets.xcassets */,
			);
			path = "Preview Content";
			sourceTree = "<group>";
		};
		F3C8CBA12CC6A61D002DE72A /* Resources */ = {
			isa = PBXGroup;
			children = (
				CE98D2DA2CC787B80017E477 /* Info.plist */,
				F3C8CBA22CC6A61D002DE72A /* Assets.xcassets */,
			);
			path = Resources;
			sourceTree = "<group>";
		};
		F3C8CBA32CC6A61D002DE72A /* Utils */ = {
			isa = PBXGroup;
			children = (
				CE98D2ED2CC80C710017E477 /* Logger */,
				CE98D2E42CC7C1060017E477 /* ViewModifiers */,
				CE98D2DD2CC795A40017E477 /* ButtonStyle */,
				CE98D2CD2CC787080017E477 /* Font */,
				F3C8CBA42CC6A61D002DE72A /* Extensions */,
				F3C8CBA72CC6A61D002DE72A /* Localization */,
			);
			path = Utils;
			sourceTree = "<group>";
		};
		F3C8CBA42CC6A61D002DE72A /* Extensions */ = {
			isa = PBXGroup;
			children = (
				F3C8CBA52CC6A61D002DE72A /* String+Ext.swift */,
				CE98D2C72CC77C290017E477 /* Optional+Ext.swift */,
				CE98D2CB2CC786390017E477 /* View+Ext.swift */,
				CE98D2E22CC79D540017E477 /* UINavigationController+Ext.swift */,
			);
			path = Extensions;
			sourceTree = "<group>";
		};
		F3C8CBA72CC6A61D002DE72A /* Localization */ = {
			isa = PBXGroup;
			children = (
				F3C8CBA82CC6A61D002DE72A /* Localizable.strings */,
			);
			path = Localization;
			sourceTree = "<group>";
		};
		F3C8CBB02CC78417002DE72A /* Modules */ = {
			isa = PBXGroup;
			children = (
				CE42AB052CCA24390057ECFB /* Auth */,
				F3C8CBBD2CC7894F002DE72A /* Profile */,
				F3C8CBBC2CC7893B002DE72A /* AddBirthday */,
				F3C8CBBB2CC78934002DE72A /* Shops */,
				F3C8CBBA2CC7892E002DE72A /* Home */,
				F3C8CBB12CC7841E002DE72A /* Tabbar */,
			);
			path = Modules;
			sourceTree = "<group>";
		};
		F3C8CBB12CC7841E002DE72A /* Tabbar */ = {
			isa = PBXGroup;
			children = (
				F3C8CBB52CC78674002DE72A /* View */,
				F3C8CBB22CC7844C002DE72A /* Model */,
			);
			path = Tabbar;
			sourceTree = "<group>";
		};
		F3C8CBB22CC7844C002DE72A /* Model */ = {
			isa = PBXGroup;
			children = (
				F3C8CBB32CC7845F002DE72A /* TabModel.swift */,
			);
			path = Model;
			sourceTree = "<group>";
		};
		F3C8CBB52CC78674002DE72A /* View */ = {
			isa = PBXGroup;
			children = (
				F3C8CBB62CC78681002DE72A /* TabView.swift */,
				F3C8CBB82CC78830002DE72A /* TabBarView.swift */,
			);
			path = View;
			sourceTree = "<group>";
		};
		F3C8CBBA2CC7892E002DE72A /* Home */ = {
			isa = PBXGroup;
			children = (
				F3C8CBF52CC7B9D5002DE72A /* Model */,
				F3C8CBEE2CC7B3CD002DE72A /* ViewModel */,
				F3C8CBC12CC7898A002DE72A /* View */,
			);
			path = Home;
			sourceTree = "<group>";
		};
		F3C8CBBB2CC78934002DE72A /* Shops */ = {
			isa = PBXGroup;
			children = (
				CE42AB0A2CCA54C00057ECFB /* Model */,
				F3C8CBC02CC78986002DE72A /* View */,
				CE42AB092CCA54B90057ECFB /* ViewModel */,
			);
			path = Shops;
			sourceTree = "<group>";
		};
		F3C8CBBC2CC7893B002DE72A /* AddBirthday */ = {
			isa = PBXGroup;
			children = (
				F3C8CBBF2CC78981002DE72A /* View */,
			);
			path = AddBirthday;
			sourceTree = "<group>";
		};
		F3C8CBBD2CC7894F002DE72A /* Profile */ = {
			isa = PBXGroup;
			children = (
				F3C8CBBE2CC78979002DE72A /* View */,
			);
			path = Profile;
			sourceTree = "<group>";
		};
		F3C8CBBE2CC78979002DE72A /* View */ = {
			isa = PBXGroup;
			children = (
				F3C8CBC82CC78A12002DE72A /* ProfileScreen.swift */,
			);
			path = View;
			sourceTree = "<group>";
		};
		F3C8CBBF2CC78981002DE72A /* View */ = {
			isa = PBXGroup;
			children = (
				F3C8CBC62CC789EE002DE72A /* AddBirthdayScreen.swift */,
			);
			path = View;
			sourceTree = "<group>";
		};
		F3C8CBC02CC78986002DE72A /* View */ = {
			isa = PBXGroup;
			children = (
				CE42AB152CCA5CAB0057ECFB /* ShopScreen.swift */,
				CE42AB192CCA677D0057ECFB /* ShopCell.swift */,
			);
			path = View;
			sourceTree = "<group>";
		};
		F3C8CBC12CC7898A002DE72A /* View */ = {
			isa = PBXGroup;
			children = (
				F3C8CBC22CC789AA002DE72A /* HomeScreen.swift */,
				F3C8CBF82CC7BB4D002DE72A /* BirthDayCell.swift */,
			);
			path = View;
			sourceTree = "<group>";
		};
		F3C8CBEE2CC7B3CD002DE72A /* ViewModel */ = {
			isa = PBXGroup;
			children = (
				F3C8CBEF2CC7B3F0002DE72A /* HomeViewModeling.swift */,
				F3C8CBF12CC7B441002DE72A /* HomeViewModel.swift */,
			);
			path = ViewModel;
			sourceTree = "<group>";
		};
		F3C8CBF52CC7B9D5002DE72A /* Model */ = {
			isa = PBXGroup;
			children = (
				F3C8CBF62CC7B9EF002DE72A /* BirthdayModel.swift */,
			);
			path = Model;
			sourceTree = "<group>";
		};
/* End PBXGroup section */

/* Begin PBXNativeTarget section */
		F3C8CB3A2CC658C6002DE72A /* Birthday */ = {
			isa = PBXNativeTarget;
			buildConfigurationList = F3C8CB492CC658C9002DE72A /* Build configuration list for PBXNativeTarget "Birthday" */;
			buildPhases = (
				F3C8CB372CC658C6002DE72A /* Sources */,
				F3C8CB382CC658C6002DE72A /* Frameworks */,
				F3C8CB392CC658C6002DE72A /* Resources */,
			);
			buildRules = (
			);
			dependencies = (
			);
			name = Birthday;
			packageProductDependencies = (
				F3C8CB6E2CC67A03002DE72A /* BirthDayAPI */,
				F3C8CB782CC68E90002DE72A /* Apollo */,
				F3C8CB7A2CC68E90002DE72A /* ApolloAPI */,
				F3C8CB7C2CC68E90002DE72A /* ApolloSQLite */,
			);
			productName = Birthday;
			productReference = F3C8CB3B2CC658C6002DE72A /* Birthday.app */;
			productType = "com.apple.product-type.application";
		};
/* End PBXNativeTarget section */

/* Begin PBXProject section */
		F3C8CB332CC658C6002DE72A /* Project object */ = {
			isa = PBXProject;
			attributes = {
				BuildIndependentTargetsInParallel = 1;
				LastSwiftUpdateCheck = 1520;
				LastUpgradeCheck = 1520;
				TargetAttributes = {
					F3C8CB3A2CC658C6002DE72A = {
						CreatedOnToolsVersion = 15.2;
					};
				};
			};
			buildConfigurationList = F3C8CB362CC658C6002DE72A /* Build configuration list for PBXProject "Birthday" */;
			compatibilityVersion = "Xcode 14.0";
			developmentRegion = en;
			hasScannedForEncodings = 0;
			knownRegions = (
				en,
				Base,
				ru,
			);
			mainGroup = F3C8CB322CC658C6002DE72A;
			packageReferences = (
				F3C8CB6D2CC67A03002DE72A /* XCLocalSwiftPackageReference "BirthDayAPI" */,
				F3C8CB772CC68E90002DE72A /* XCRemoteSwiftPackageReference "apollo-ios" */,
			);
			productRefGroup = F3C8CB3C2CC658C6002DE72A /* Products */;
			projectDirPath = "";
			projectRoot = "";
			targets = (
				F3C8CB3A2CC658C6002DE72A /* Birthday */,
			);
		};
/* End PBXProject section */

/* Begin PBXResourcesBuildPhase section */
		F3C8CB392CC658C6002DE72A /* Resources */ = {
			isa = PBXResourcesBuildPhase;
			buildActionMask = 2147483647;
			files = (
				F3C8CB9E2CC6A612002DE72A /* Preview Assets.xcassets in Resources */,
				CE98D2D52CC787780017E477 /* Karma-Light.ttf in Resources */,
				CE98D2D62CC787780017E477 /* Karma-Regular.ttf in Resources */,
				CE98D2D72CC787780017E477 /* Karma-SemiBold.ttf in Resources */,
				CE98D2D82CC787780017E477 /* Karma-Bold.ttf in Resources */,
				CE98D2D92CC787780017E477 /* Karma-Medium.ttf in Resources */,
				F3C8CBAF2CC6A61D002DE72A /* Localizable.strings in Resources */,
				CE42AB182CCA64BC0057ECFB /* GetShops.graphql in Resources */,
				F3C8CBAC2CC6A61D002DE72A /* Assets.xcassets in Resources */,
				F3C8CB732CC680AD002DE72A /* GetBirthdays.graphql in Resources */,
				CE98D2FB2CC93B2D0017E477 /* SignUp.graphql in Resources */,
			);
			runOnlyForDeploymentPostprocessing = 0;
		};
/* End PBXResourcesBuildPhase section */

/* Begin PBXSourcesBuildPhase section */
		F3C8CB372CC658C6002DE72A /* Sources */ = {
			isa = PBXSourcesBuildPhase;
			buildActionMask = 2147483647;
			files = (
				CE98D2EA2CC7C2CD0017E477 /* FieldErrorModifier.swift in Sources */,
				CE98D2BF2CC775FB0017E477 /* RegistrationScreen.swift in Sources */,
				CE98D2E82CC7C1920017E477 /* DisableBouncesModifier.swift in Sources */,
				CE98D2E32CC79D540017E477 /* UINavigationController+Ext.swift in Sources */,
				CE98D2CA2CC77DFE0017E477 /* InputField.swift in Sources */,
				CE98D2C62CC778780017E477 /* NavigationBar.swift in Sources */,
				CE98D2DF2CC795B40017E477 /* RoundedButtonStyle.swift in Sources */,
				CE98D2CF2CC787340017E477 /* Font+Karma.swift in Sources */,
				CE98D2EF2CC80C7E0017E477 /* Console.swift in Sources */,
				CE42AB1A2CCA677D0057ECFB /* ShopCell.swift in Sources */,
				CE98D2C82CC77C290017E477 /* Optional+Ext.swift in Sources */,
				CE98D2CC2CC786390017E477 /* View+Ext.swift in Sources */,
				CE98D2E12CC79A600017E477 /* RegistrationViewModel.swift in Sources */,
				F3C8CBAB2CC6A61D002DE72A /* ContentView.swift in Sources */,
				CE98D2E62CC7C1270017E477 /* ResignKeyboardOnDragModifier.swift in Sources */,
				F3C8CBF72CC7B9EF002DE72A /* BirthdayModel.swift in Sources */,
				F3C8CBC92CC78A12002DE72A /* ProfileScreen.swift in Sources */,
				931C201F2CC7E9FD0087E7AD /* LandingButton.swift in Sources */,
				F3C8CBB92CC78830002DE72A /* TabBarView.swift in Sources */,
				CE42AB082CCA36650057ECFB /* User.swift in Sources */,
				F3C8CBF22CC7B441002DE72A /* HomeViewModel.swift in Sources */,
				CE42AB0C2CCA54FC0057ECFB /* ShopViewModel.swift in Sources */,
				CE42AB202CCA94220057ECFB /* SkeletonView.swift in Sources */,
				CE42AB162CCA5CAB0057ECFB /* ShopScreen.swift in Sources */,
				F3C8CB762CC682C9002DE72A /* GraphQLRepository.swift in Sources */,
				CE98D2F42CC8ED2D0017E477 /* String+Ext.swift in Sources */,
				F3C8CBC32CC789AA002DE72A /* HomeScreen.swift in Sources */,
				F3C8CBF02CC7B3F0002DE72A /* HomeViewModeling.swift in Sources */,
				CE42AAFF2CCA12790057ECFB /* ViewDidLoadModifier.swift in Sources */,
				CE42AB1C2CCA703C0057ECFB /* SearchBar.swift in Sources */,
				F3C8CBB72CC78681002DE72A /* TabView.swift in Sources */,
				F3C8CB5D2CC66048002DE72A /* AppoloClient.swift in Sources */,
				CE42AB122CCA55EF0057ECFB /* ShopRepository.swift in Sources */,
				CE42AB042CCA23B80057ECFB /* LandingScreen.swift in Sources */,
				CE42AB1E2CCA93B40057ECFB /* SkeletonEffect.swift in Sources */,
				CE42AB102CCA55720057ECFB /* ShopViewModeling.swift in Sources */,
				E7BD1C662CC7CD1700EC70FE /* SignInViewModel.swift in Sources */,
				CE42AB142CCA56550057ECFB /* Shop.swift in Sources */,
				E7BD1C692CC7CD4800EC70FE /* SignInScreen.swift in Sources */,
				F3C8CBEA2CC7AAFC002DE72A /* HomeRepository.swift in Sources */,
				F3C8CB5D2CC66048002DE72A /* AppoloClient.swift in Sources */,
				CE98D2F62CC936FC0017E477 /* RegistrationRepository.swift in Sources */,
				F3C8CB762CC682C9002DE72A /* GraphQLRepository.swift in Sources */,
				F3C8CBC72CC789EE002DE72A /* AddBirthdayScreen.swift in Sources */,
				F3C8CBB42CC7845F002DE72A /* TabModel.swift in Sources */,
				F3C8CB9B2CC6A5F2002DE72A /* BirthdayApp.swift in Sources */,
				CE98D2EC2CC80BFB0017E477 /* NavigationRouter.swift in Sources */,
				CE98D2DC2CC792E30017E477 /* RoundedButton.swift in Sources */,
				F3C8CBF92CC7BB4D002DE72A /* BirthDayCell.swift in Sources */,
			);
			runOnlyForDeploymentPostprocessing = 0;
		};
/* End PBXSourcesBuildPhase section */

/* Begin PBXVariantGroup section */
		F3C8CBA82CC6A61D002DE72A /* Localizable.strings */ = {
			isa = PBXVariantGroup;
			children = (
				F3C8CBA92CC6A61D002DE72A /* en */,
				F3C8CBAA2CC6A61D002DE72A /* ru */,
			);
			name = Localizable.strings;
			sourceTree = "<group>";
		};
/* End PBXVariantGroup section */

/* Begin XCBuildConfiguration section */
		F3C8CB472CC658C9002DE72A /* Debug */ = {
			isa = XCBuildConfiguration;
			buildSettings = {
				ALWAYS_SEARCH_USER_PATHS = NO;
				ASSETCATALOG_COMPILER_GENERATE_SWIFT_ASSET_SYMBOL_EXTENSIONS = YES;
				CLANG_ANALYZER_LOCALIZABILITY_NONLOCALIZED = YES;
				CLANG_ANALYZER_NONNULL = YES;
				CLANG_ANALYZER_NUMBER_OBJECT_CONVERSION = YES_AGGRESSIVE;
				CLANG_CXX_LANGUAGE_STANDARD = "gnu++20";
				CLANG_ENABLE_MODULES = YES;
				CLANG_ENABLE_OBJC_ARC = YES;
				CLANG_ENABLE_OBJC_WEAK = YES;
				CLANG_WARN_BLOCK_CAPTURE_AUTORELEASING = YES;
				CLANG_WARN_BOOL_CONVERSION = YES;
				CLANG_WARN_COMMA = YES;
				CLANG_WARN_CONSTANT_CONVERSION = YES;
				CLANG_WARN_DEPRECATED_OBJC_IMPLEMENTATIONS = YES;
				CLANG_WARN_DIRECT_OBJC_ISA_USAGE = YES_ERROR;
				CLANG_WARN_DOCUMENTATION_COMMENTS = YES;
				CLANG_WARN_EMPTY_BODY = YES;
				CLANG_WARN_ENUM_CONVERSION = YES;
				CLANG_WARN_INFINITE_RECURSION = YES;
				CLANG_WARN_INT_CONVERSION = YES;
				CLANG_WARN_NON_LITERAL_NULL_CONVERSION = YES;
				CLANG_WARN_OBJC_IMPLICIT_RETAIN_SELF = YES;
				CLANG_WARN_OBJC_LITERAL_CONVERSION = YES;
				CLANG_WARN_OBJC_ROOT_CLASS = YES_ERROR;
				CLANG_WARN_QUOTED_INCLUDE_IN_FRAMEWORK_HEADER = YES;
				CLANG_WARN_RANGE_LOOP_ANALYSIS = YES;
				CLANG_WARN_STRICT_PROTOTYPES = YES;
				CLANG_WARN_SUSPICIOUS_MOVE = YES;
				CLANG_WARN_UNGUARDED_AVAILABILITY = YES_AGGRESSIVE;
				CLANG_WARN_UNREACHABLE_CODE = YES;
				CLANG_WARN__DUPLICATE_METHOD_MATCH = YES;
				COPY_PHASE_STRIP = NO;
				DEBUG_INFORMATION_FORMAT = dwarf;
				ENABLE_STRICT_OBJC_MSGSEND = YES;
				ENABLE_TESTABILITY = YES;
				ENABLE_USER_SCRIPT_SANDBOXING = YES;
				GCC_C_LANGUAGE_STANDARD = gnu17;
				GCC_DYNAMIC_NO_PIC = NO;
				GCC_NO_COMMON_BLOCKS = YES;
				GCC_OPTIMIZATION_LEVEL = 0;
				GCC_PREPROCESSOR_DEFINITIONS = (
					"DEBUG=1",
					"$(inherited)",
				);
				GCC_WARN_64_TO_32_BIT_CONVERSION = YES;
				GCC_WARN_ABOUT_RETURN_TYPE = YES_ERROR;
				GCC_WARN_UNDECLARED_SELECTOR = YES;
				GCC_WARN_UNINITIALIZED_AUTOS = YES_AGGRESSIVE;
				GCC_WARN_UNUSED_FUNCTION = YES;
				GCC_WARN_UNUSED_VARIABLE = YES;
				IPHONEOS_DEPLOYMENT_TARGET = 17.2;
				LOCALIZATION_PREFERS_STRING_CATALOGS = YES;
				MTL_ENABLE_DEBUG_INFO = INCLUDE_SOURCE;
				MTL_FAST_MATH = YES;
				ONLY_ACTIVE_ARCH = YES;
				SDKROOT = iphoneos;
				SWIFT_ACTIVE_COMPILATION_CONDITIONS = "DEBUG $(inherited)";
				SWIFT_OPTIMIZATION_LEVEL = "-Onone";
			};
			name = Debug;
		};
		F3C8CB482CC658C9002DE72A /* Release */ = {
			isa = XCBuildConfiguration;
			buildSettings = {
				ALWAYS_SEARCH_USER_PATHS = NO;
				ASSETCATALOG_COMPILER_GENERATE_SWIFT_ASSET_SYMBOL_EXTENSIONS = YES;
				CLANG_ANALYZER_LOCALIZABILITY_NONLOCALIZED = YES;
				CLANG_ANALYZER_NONNULL = YES;
				CLANG_ANALYZER_NUMBER_OBJECT_CONVERSION = YES_AGGRESSIVE;
				CLANG_CXX_LANGUAGE_STANDARD = "gnu++20";
				CLANG_ENABLE_MODULES = YES;
				CLANG_ENABLE_OBJC_ARC = YES;
				CLANG_ENABLE_OBJC_WEAK = YES;
				CLANG_WARN_BLOCK_CAPTURE_AUTORELEASING = YES;
				CLANG_WARN_BOOL_CONVERSION = YES;
				CLANG_WARN_COMMA = YES;
				CLANG_WARN_CONSTANT_CONVERSION = YES;
				CLANG_WARN_DEPRECATED_OBJC_IMPLEMENTATIONS = YES;
				CLANG_WARN_DIRECT_OBJC_ISA_USAGE = YES_ERROR;
				CLANG_WARN_DOCUMENTATION_COMMENTS = YES;
				CLANG_WARN_EMPTY_BODY = YES;
				CLANG_WARN_ENUM_CONVERSION = YES;
				CLANG_WARN_INFINITE_RECURSION = YES;
				CLANG_WARN_INT_CONVERSION = YES;
				CLANG_WARN_NON_LITERAL_NULL_CONVERSION = YES;
				CLANG_WARN_OBJC_IMPLICIT_RETAIN_SELF = YES;
				CLANG_WARN_OBJC_LITERAL_CONVERSION = YES;
				CLANG_WARN_OBJC_ROOT_CLASS = YES_ERROR;
				CLANG_WARN_QUOTED_INCLUDE_IN_FRAMEWORK_HEADER = YES;
				CLANG_WARN_RANGE_LOOP_ANALYSIS = YES;
				CLANG_WARN_STRICT_PROTOTYPES = YES;
				CLANG_WARN_SUSPICIOUS_MOVE = YES;
				CLANG_WARN_UNGUARDED_AVAILABILITY = YES_AGGRESSIVE;
				CLANG_WARN_UNREACHABLE_CODE = YES;
				CLANG_WARN__DUPLICATE_METHOD_MATCH = YES;
				COPY_PHASE_STRIP = NO;
				DEBUG_INFORMATION_FORMAT = "dwarf-with-dsym";
				ENABLE_NS_ASSERTIONS = NO;
				ENABLE_STRICT_OBJC_MSGSEND = YES;
				ENABLE_USER_SCRIPT_SANDBOXING = YES;
				GCC_C_LANGUAGE_STANDARD = gnu17;
				GCC_NO_COMMON_BLOCKS = YES;
				GCC_WARN_64_TO_32_BIT_CONVERSION = YES;
				GCC_WARN_ABOUT_RETURN_TYPE = YES_ERROR;
				GCC_WARN_UNDECLARED_SELECTOR = YES;
				GCC_WARN_UNINITIALIZED_AUTOS = YES_AGGRESSIVE;
				GCC_WARN_UNUSED_FUNCTION = YES;
				GCC_WARN_UNUSED_VARIABLE = YES;
				IPHONEOS_DEPLOYMENT_TARGET = 17.2;
				LOCALIZATION_PREFERS_STRING_CATALOGS = YES;
				MTL_ENABLE_DEBUG_INFO = NO;
				MTL_FAST_MATH = YES;
				SDKROOT = iphoneos;
				SWIFT_COMPILATION_MODE = wholemodule;
				VALIDATE_PRODUCT = YES;
			};
			name = Release;
		};
		F3C8CB4A2CC658C9002DE72A /* Debug */ = {
			isa = XCBuildConfiguration;
			buildSettings = {
				ASSETCATALOG_COMPILER_APPICON_NAME = AppIcon;
				ASSETCATALOG_COMPILER_GLOBAL_ACCENT_COLOR_NAME = AccentColor;
				CODE_SIGN_STYLE = Automatic;
				CURRENT_PROJECT_VERSION = 1;
				DEVELOPMENT_ASSET_PATHS = "\"Birthday/Preview Content\"";
				DEVELOPMENT_TEAM = QAG24BGKCF;
				ENABLE_PREVIEWS = YES;
				GENERATE_INFOPLIST_FILE = YES;
				INFOPLIST_FILE = Birthday/Resources/Info.plist;
				INFOPLIST_KEY_UIApplicationSceneManifest_Generation = YES;
				INFOPLIST_KEY_UIApplicationSupportsIndirectInputEvents = YES;
				INFOPLIST_KEY_UILaunchScreen_Generation = YES;
				INFOPLIST_KEY_UISupportedInterfaceOrientations_iPad = "UIInterfaceOrientationPortrait UIInterfaceOrientationPortraitUpsideDown UIInterfaceOrientationLandscapeLeft UIInterfaceOrientationLandscapeRight";
				INFOPLIST_KEY_UISupportedInterfaceOrientations_iPhone = "UIInterfaceOrientationPortrait UIInterfaceOrientationLandscapeLeft UIInterfaceOrientationLandscapeRight";
				IPHONEOS_DEPLOYMENT_TARGET = 16.0;
				LD_RUNPATH_SEARCH_PATHS = (
					"$(inherited)",
					"@executable_path/Frameworks",
				);
				MARKETING_VERSION = 1.0;
				PRODUCT_BUNDLE_IDENTIFIER = com.Birthday.ios;
				PRODUCT_NAME = "$(TARGET_NAME)";
				SUPPORTED_PLATFORMS = "iphoneos iphonesimulator";
				SUPPORTS_MACCATALYST = NO;
				SUPPORTS_MAC_DESIGNED_FOR_IPHONE_IPAD = NO;
				SUPPORTS_XR_DESIGNED_FOR_IPHONE_IPAD = NO;
				SWIFT_EMIT_LOC_STRINGS = YES;
				SWIFT_VERSION = 5.0;
				TARGETED_DEVICE_FAMILY = "1,2";
			};
			name = Debug;
		};
		F3C8CB4B2CC658C9002DE72A /* Release */ = {
			isa = XCBuildConfiguration;
			buildSettings = {
				ASSETCATALOG_COMPILER_APPICON_NAME = AppIcon;
				ASSETCATALOG_COMPILER_GLOBAL_ACCENT_COLOR_NAME = AccentColor;
				CODE_SIGN_STYLE = Automatic;
				CURRENT_PROJECT_VERSION = 1;
				DEVELOPMENT_ASSET_PATHS = "\"Birthday/Preview Content\"";
				DEVELOPMENT_TEAM = QAG24BGKCF;
				ENABLE_PREVIEWS = YES;
				GENERATE_INFOPLIST_FILE = YES;
				INFOPLIST_FILE = Birthday/Resources/Info.plist;
				INFOPLIST_KEY_UIApplicationSceneManifest_Generation = YES;
				INFOPLIST_KEY_UIApplicationSupportsIndirectInputEvents = YES;
				INFOPLIST_KEY_UILaunchScreen_Generation = YES;
				INFOPLIST_KEY_UISupportedInterfaceOrientations_iPad = "UIInterfaceOrientationPortrait UIInterfaceOrientationPortraitUpsideDown UIInterfaceOrientationLandscapeLeft UIInterfaceOrientationLandscapeRight";
				INFOPLIST_KEY_UISupportedInterfaceOrientations_iPhone = "UIInterfaceOrientationPortrait UIInterfaceOrientationLandscapeLeft UIInterfaceOrientationLandscapeRight";
				IPHONEOS_DEPLOYMENT_TARGET = 16.0;
				LD_RUNPATH_SEARCH_PATHS = (
					"$(inherited)",
					"@executable_path/Frameworks",
				);
				MARKETING_VERSION = 1.0;
				PRODUCT_BUNDLE_IDENTIFIER = com.Birthday.ios;
				PRODUCT_NAME = "$(TARGET_NAME)";
				SUPPORTED_PLATFORMS = "iphoneos iphonesimulator";
				SUPPORTS_MACCATALYST = NO;
				SUPPORTS_MAC_DESIGNED_FOR_IPHONE_IPAD = NO;
				SUPPORTS_XR_DESIGNED_FOR_IPHONE_IPAD = NO;
				SWIFT_EMIT_LOC_STRINGS = YES;
				SWIFT_VERSION = 5.0;
				TARGETED_DEVICE_FAMILY = "1,2";
			};
			name = Release;
		};
/* End XCBuildConfiguration section */

/* Begin XCConfigurationList section */
		F3C8CB362CC658C6002DE72A /* Build configuration list for PBXProject "Birthday" */ = {
			isa = XCConfigurationList;
			buildConfigurations = (
				F3C8CB472CC658C9002DE72A /* Debug */,
				F3C8CB482CC658C9002DE72A /* Release */,
			);
			defaultConfigurationIsVisible = 0;
			defaultConfigurationName = Release;
		};
		F3C8CB492CC658C9002DE72A /* Build configuration list for PBXNativeTarget "Birthday" */ = {
			isa = XCConfigurationList;
			buildConfigurations = (
				F3C8CB4A2CC658C9002DE72A /* Debug */,
				F3C8CB4B2CC658C9002DE72A /* Release */,
			);
			defaultConfigurationIsVisible = 0;
			defaultConfigurationName = Release;
		};
/* End XCConfigurationList section */

/* Begin XCLocalSwiftPackageReference section */
		F3C8CB6D2CC67A03002DE72A /* XCLocalSwiftPackageReference "BirthDayAPI" */ = {
			isa = XCLocalSwiftPackageReference;
			relativePath = BirthDayAPI;
		};
/* End XCLocalSwiftPackageReference section */

/* Begin XCRemoteSwiftPackageReference section */
		F3C8CB772CC68E90002DE72A /* XCRemoteSwiftPackageReference "apollo-ios" */ = {
			isa = XCRemoteSwiftPackageReference;
			repositoryURL = "https://github.com/apollographql/apollo-ios";
			requirement = {
				kind = upToNextMajorVersion;
				minimumVersion = 1.15.2;
			};
		};
/* End XCRemoteSwiftPackageReference section */

/* Begin XCSwiftPackageProductDependency section */
		F3C8CB6E2CC67A03002DE72A /* BirthDayAPI */ = {
			isa = XCSwiftPackageProductDependency;
			productName = BirthDayAPI;
		};
		F3C8CB782CC68E90002DE72A /* Apollo */ = {
			isa = XCSwiftPackageProductDependency;
			package = F3C8CB772CC68E90002DE72A /* XCRemoteSwiftPackageReference "apollo-ios" */;
			productName = Apollo;
		};
		F3C8CB7A2CC68E90002DE72A /* ApolloAPI */ = {
			isa = XCSwiftPackageProductDependency;
			package = F3C8CB772CC68E90002DE72A /* XCRemoteSwiftPackageReference "apollo-ios" */;
			productName = ApolloAPI;
		};
		F3C8CB7C2CC68E90002DE72A /* ApolloSQLite */ = {
			isa = XCSwiftPackageProductDependency;
			package = F3C8CB772CC68E90002DE72A /* XCRemoteSwiftPackageReference "apollo-ios" */;
			productName = ApolloSQLite;
		};
/* End XCSwiftPackageProductDependency section */
	};
	rootObject = F3C8CB332CC658C6002DE72A /* Project object */;
}
