// !$*UTF8*$!
{
	archiveVersion = 1;
	classes = {
	};
	objectVersion = 60;
	objects = {

/* Begin PBXBuildFile section */
		E7BD1C662CC7CD1700EC70FE /* SignInViewModel.swift in Sources */ = {isa = PBXBuildFile; fileRef = E7BD1C652CC7CD0B00EC70FE /* SignInViewModel.swift */; };
		E7BD1C692CC7CD4800EC70FE /* SignInView.swift in Sources */ = {isa = PBXBuildFile; fileRef = E7BD1C682CC7CD4800EC70FE /* SignInView.swift */; };
		E7BD1C6D2CC7CDA200EC70FE /* Extension + View.swift in Sources */ = {isa = PBXBuildFile; fileRef = E7BD1C6C2CC7CD9600EC70FE /* Extension + View.swift */; };
		E7BD1C6F2CC7CDB700EC70FE /* ValidationTextField.swift in Sources */ = {isa = PBXBuildFile; fileRef = E7BD1C6E2CC7CDB200EC70FE /* ValidationTextField.swift */; };
		E7BD1C712CC7CDD300EC70FE /* CustomNavBarModifier.swift in Sources */ = {isa = PBXBuildFile; fileRef = E7BD1C702CC7CDD200EC70FE /* CustomNavBarModifier.swift */; };
		E7BD1C742CC7CE0200EC70FE /* EnabledButton.swift in Sources */ = {isa = PBXBuildFile; fileRef = E7BD1C732CC7CE0100EC70FE /* EnabledButton.swift */; };
		F3C8CB5D2CC66048002DE72A /* AppoloClient.swift in Sources */ = {isa = PBXBuildFile; fileRef = F3C8CB5C2CC66048002DE72A /* AppoloClient.swift */; };
		F3C8CB6F2CC67A03002DE72A /* BirthDayAPI in Frameworks */ = {isa = PBXBuildFile; productRef = F3C8CB6E2CC67A03002DE72A /* BirthDayAPI */; };
		F3C8CB732CC680AD002DE72A /* GetBirthdays.graphql in Resources */ = {isa = PBXBuildFile; fileRef = F3C8CB6B2CC6783F002DE72A /* GetBirthdays.graphql */; };
		F3C8CB762CC682C9002DE72A /* GraphQLRepository.swift in Sources */ = {isa = PBXBuildFile; fileRef = F3C8CB752CC682C9002DE72A /* GraphQLRepository.swift */; };
		F3C8CB792CC68E90002DE72A /* Apollo in Frameworks */ = {isa = PBXBuildFile; productRef = F3C8CB782CC68E90002DE72A /* Apollo */; };
		F3C8CB7B2CC68E90002DE72A /* ApolloAPI in Frameworks */ = {isa = PBXBuildFile; productRef = F3C8CB7A2CC68E90002DE72A /* ApolloAPI */; };
		F3C8CB7D2CC68E90002DE72A /* ApolloSQLite in Frameworks */ = {isa = PBXBuildFile; productRef = F3C8CB7C2CC68E90002DE72A /* ApolloSQLite */; };
		F3C8CB9B2CC6A5F2002DE72A /* BirthdayApp.swift in Sources */ = {isa = PBXBuildFile; fileRef = F3C8CB9A2CC6A5F2002DE72A /* BirthdayApp.swift */; };
		F3C8CB9E2CC6A612002DE72A /* Preview Assets.xcassets in Resources */ = {isa = PBXBuildFile; fileRef = F3C8CB9D2CC6A612002DE72A /* Preview Assets.xcassets */; };
		F3C8CBAB2CC6A61D002DE72A /* ContentView.swift in Sources */ = {isa = PBXBuildFile; fileRef = F3C8CBA02CC6A61D002DE72A /* ContentView.swift */; };
		F3C8CBAC2CC6A61D002DE72A /* Assets.xcassets in Resources */ = {isa = PBXBuildFile; fileRef = F3C8CBA22CC6A61D002DE72A /* Assets.xcassets */; };
		F3C8CBAD2CC6A61D002DE72A /* String+Ext.swift in Sources */ = {isa = PBXBuildFile; fileRef = F3C8CBA52CC6A61D002DE72A /* String+Ext.swift */; };
		F3C8CBAE2CC6A61D002DE72A /* Texts.swift in Sources */ = {isa = PBXBuildFile; fileRef = F3C8CBA62CC6A61D002DE72A /* Texts.swift */; };
		F3C8CBAF2CC6A61D002DE72A /* Localizable.strings in Resources */ = {isa = PBXBuildFile; fileRef = F3C8CBA82CC6A61D002DE72A /* Localizable.strings */; };
		F3C8CBB42CC7845F002DE72A /* TabModel.swift in Sources */ = {isa = PBXBuildFile; fileRef = F3C8CBB32CC7845F002DE72A /* TabModel.swift */; };
		F3C8CBB72CC78681002DE72A /* TabView.swift in Sources */ = {isa = PBXBuildFile; fileRef = F3C8CBB62CC78681002DE72A /* TabView.swift */; };
		F3C8CBB92CC78830002DE72A /* TabBarView.swift in Sources */ = {isa = PBXBuildFile; fileRef = F3C8CBB82CC78830002DE72A /* TabBarView.swift */; };
		F3C8CBC32CC789AA002DE72A /* HomeScreen.swift in Sources */ = {isa = PBXBuildFile; fileRef = F3C8CBC22CC789AA002DE72A /* HomeScreen.swift */; };
		F3C8CBC52CC789D0002DE72A /* ShopsScreen.swift in Sources */ = {isa = PBXBuildFile; fileRef = F3C8CBC42CC789D0002DE72A /* ShopsScreen.swift */; };
		F3C8CBC72CC789EE002DE72A /* AddBirthdayScreen.swift in Sources */ = {isa = PBXBuildFile; fileRef = F3C8CBC62CC789EE002DE72A /* AddBirthdayScreen.swift */; };
		F3C8CBC92CC78A12002DE72A /* ProfileScreen.swift in Sources */ = {isa = PBXBuildFile; fileRef = F3C8CBC82CC78A12002DE72A /* ProfileScreen.swift */; };
		F3C8CBEA2CC7AAFC002DE72A /* HomeRepository.swift in Sources */ = {isa = PBXBuildFile; fileRef = F3C8CBE92CC7AAFC002DE72A /* HomeRepository.swift */; };
		F3C8CBF02CC7B3F0002DE72A /* HomeViewModeling.swift in Sources */ = {isa = PBXBuildFile; fileRef = F3C8CBEF2CC7B3F0002DE72A /* HomeViewModeling.swift */; };
		F3C8CBF22CC7B441002DE72A /* HomeViewModel.swift in Sources */ = {isa = PBXBuildFile; fileRef = F3C8CBF12CC7B441002DE72A /* HomeViewModel.swift */; };
		F3C8CBF42CC7B5CE002DE72A /* View+Extension.swift in Sources */ = {isa = PBXBuildFile; fileRef = F3C8CBF32CC7B5CE002DE72A /* View+Extension.swift */; };
		F3C8CBF72CC7B9EF002DE72A /* BirthdayModel.swift in Sources */ = {isa = PBXBuildFile; fileRef = F3C8CBF62CC7B9EF002DE72A /* BirthdayModel.swift */; };
		F3C8CBF92CC7BB4D002DE72A /* BirthDayCell.swift in Sources */ = {isa = PBXBuildFile; fileRef = F3C8CBF82CC7BB4D002DE72A /* BirthDayCell.swift */; };
/* End PBXBuildFile section */

/* Begin PBXFileReference section */
		E7BD1C652CC7CD0B00EC70FE /* SignInViewModel.swift */ = {isa = PBXFileReference; lastKnownFileType = sourcecode.swift; path = SignInViewModel.swift; sourceTree = "<group>"; };
		E7BD1C682CC7CD4800EC70FE /* SignInView.swift */ = {isa = PBXFileReference; lastKnownFileType = sourcecode.swift; path = SignInView.swift; sourceTree = "<group>"; };
		E7BD1C6C2CC7CD9600EC70FE /* Extension + View.swift */ = {isa = PBXFileReference; lastKnownFileType = sourcecode.swift; path = "Extension + View.swift"; sourceTree = "<group>"; };
		E7BD1C6E2CC7CDB200EC70FE /* ValidationTextField.swift */ = {isa = PBXFileReference; lastKnownFileType = sourcecode.swift; path = ValidationTextField.swift; sourceTree = "<group>"; };
		E7BD1C702CC7CDD200EC70FE /* CustomNavBarModifier.swift */ = {isa = PBXFileReference; lastKnownFileType = sourcecode.swift; path = CustomNavBarModifier.swift; sourceTree = "<group>"; };
		E7BD1C732CC7CE0100EC70FE /* EnabledButton.swift */ = {isa = PBXFileReference; lastKnownFileType = sourcecode.swift; path = EnabledButton.swift; sourceTree = "<group>"; };
		F3C8CB3B2CC658C6002DE72A /* Birthday.app */ = {isa = PBXFileReference; explicitFileType = wrapper.application; includeInIndex = 0; path = Birthday.app; sourceTree = BUILT_PRODUCTS_DIR; };
		F3C8CB5C2CC66048002DE72A /* AppoloClient.swift */ = {isa = PBXFileReference; lastKnownFileType = sourcecode.swift; path = AppoloClient.swift; sourceTree = "<group>"; };
		F3C8CB6B2CC6783F002DE72A /* GetBirthdays.graphql */ = {isa = PBXFileReference; lastKnownFileType = text; path = GetBirthdays.graphql; sourceTree = "<group>"; };
		F3C8CB752CC682C9002DE72A /* GraphQLRepository.swift */ = {isa = PBXFileReference; lastKnownFileType = sourcecode.swift; path = GraphQLRepository.swift; sourceTree = "<group>"; };
		F3C8CB9A2CC6A5F2002DE72A /* BirthdayApp.swift */ = {isa = PBXFileReference; fileEncoding = 4; lastKnownFileType = sourcecode.swift; path = BirthdayApp.swift; sourceTree = "<group>"; };
		F3C8CB9D2CC6A612002DE72A /* Preview Assets.xcassets */ = {isa = PBXFileReference; lastKnownFileType = folder.assetcatalog; path = "Preview Assets.xcassets"; sourceTree = "<group>"; };
		F3C8CBA02CC6A61D002DE72A /* ContentView.swift */ = {isa = PBXFileReference; fileEncoding = 4; lastKnownFileType = sourcecode.swift; path = ContentView.swift; sourceTree = "<group>"; };
		F3C8CBA22CC6A61D002DE72A /* Assets.xcassets */ = {isa = PBXFileReference; lastKnownFileType = folder.assetcatalog; path = Assets.xcassets; sourceTree = "<group>"; };
		F3C8CBA52CC6A61D002DE72A /* String+Ext.swift */ = {isa = PBXFileReference; fileEncoding = 4; lastKnownFileType = sourcecode.swift; path = "String+Ext.swift"; sourceTree = "<group>"; };
		F3C8CBA62CC6A61D002DE72A /* Texts.swift */ = {isa = PBXFileReference; fileEncoding = 4; lastKnownFileType = sourcecode.swift; path = Texts.swift; sourceTree = "<group>"; };
		F3C8CBA92CC6A61D002DE72A /* en */ = {isa = PBXFileReference; lastKnownFileType = text.plist.strings; name = en; path = en.lproj/Localizable.strings; sourceTree = "<group>"; };
		F3C8CBAA2CC6A61D002DE72A /* ru */ = {isa = PBXFileReference; lastKnownFileType = text.plist.strings; name = ru; path = ru.lproj/Localizable.strings; sourceTree = "<group>"; };
		F3C8CBB32CC7845F002DE72A /* TabModel.swift */ = {isa = PBXFileReference; lastKnownFileType = sourcecode.swift; path = TabModel.swift; sourceTree = "<group>"; };
		F3C8CBB62CC78681002DE72A /* TabView.swift */ = {isa = PBXFileReference; lastKnownFileType = sourcecode.swift; path = TabView.swift; sourceTree = "<group>"; };
		F3C8CBB82CC78830002DE72A /* TabBarView.swift */ = {isa = PBXFileReference; lastKnownFileType = sourcecode.swift; path = TabBarView.swift; sourceTree = "<group>"; };
		F3C8CBC22CC789AA002DE72A /* HomeScreen.swift */ = {isa = PBXFileReference; lastKnownFileType = sourcecode.swift; path = HomeScreen.swift; sourceTree = "<group>"; };
		F3C8CBC42CC789D0002DE72A /* ShopsScreen.swift */ = {isa = PBXFileReference; lastKnownFileType = sourcecode.swift; path = ShopsScreen.swift; sourceTree = "<group>"; };
		F3C8CBC62CC789EE002DE72A /* AddBirthdayScreen.swift */ = {isa = PBXFileReference; lastKnownFileType = sourcecode.swift; path = AddBirthdayScreen.swift; sourceTree = "<group>"; };
		F3C8CBC82CC78A12002DE72A /* ProfileScreen.swift */ = {isa = PBXFileReference; lastKnownFileType = sourcecode.swift; path = ProfileScreen.swift; sourceTree = "<group>"; };
		F3C8CBE92CC7AAFC002DE72A /* HomeRepository.swift */ = {isa = PBXFileReference; lastKnownFileType = sourcecode.swift; path = HomeRepository.swift; sourceTree = "<group>"; };
		F3C8CBEF2CC7B3F0002DE72A /* HomeViewModeling.swift */ = {isa = PBXFileReference; lastKnownFileType = sourcecode.swift; path = HomeViewModeling.swift; sourceTree = "<group>"; };
		F3C8CBF12CC7B441002DE72A /* HomeViewModel.swift */ = {isa = PBXFileReference; lastKnownFileType = sourcecode.swift; path = HomeViewModel.swift; sourceTree = "<group>"; };
		F3C8CBF32CC7B5CE002DE72A /* View+Extension.swift */ = {isa = PBXFileReference; lastKnownFileType = sourcecode.swift; path = "View+Extension.swift"; sourceTree = "<group>"; };
		F3C8CBF62CC7B9EF002DE72A /* BirthdayModel.swift */ = {isa = PBXFileReference; lastKnownFileType = sourcecode.swift; path = BirthdayModel.swift; sourceTree = "<group>"; };
		F3C8CBF82CC7BB4D002DE72A /* BirthDayCell.swift */ = {isa = PBXFileReference; lastKnownFileType = sourcecode.swift; path = BirthDayCell.swift; sourceTree = "<group>"; };
/* End PBXFileReference section */

/* Begin PBXFrameworksBuildPhase section */
		F3C8CB382CC658C6002DE72A /* Frameworks */ = {
			isa = PBXFrameworksBuildPhase;
			buildActionMask = 2147483647;
			files = (
				F3C8CB7B2CC68E90002DE72A /* ApolloAPI in Frameworks */,
				F3C8CB7D2CC68E90002DE72A /* ApolloSQLite in Frameworks */,
				F3C8CB6F2CC67A03002DE72A /* BirthDayAPI in Frameworks */,
				F3C8CB792CC68E90002DE72A /* Apollo in Frameworks */,
			);
			runOnlyForDeploymentPostprocessing = 0;
		};
/* End PBXFrameworksBuildPhase section */

/* Begin PBXGroup section */
		E7BD1C642CC7CCFC00EC70FE /* SignIn */ = {
			isa = PBXGroup;
			children = (
				E7BD1C672CC7CD3000EC70FE /* View */,
				E7BD1C6A2CC7CD5F00EC70FE /* ViewModel */,
			);
			path = SignIn;
			sourceTree = "<group>";
		};
		E7BD1C672CC7CD3000EC70FE /* View */ = {
			isa = PBXGroup;
			children = (
				E7BD1C682CC7CD4800EC70FE /* SignInView.swift */,
			);
			path = View;
			sourceTree = "<group>";
		};
		E7BD1C6A2CC7CD5F00EC70FE /* ViewModel */ = {
			isa = PBXGroup;
			children = (
				E7BD1C652CC7CD0B00EC70FE /* SignInViewModel.swift */,
			);
			path = ViewModel;
			sourceTree = "<group>";
		};
		E7BD1C6B2CC7CD8500EC70FE /* Extension + View */ = {
			isa = PBXGroup;
			children = (
				E7BD1C702CC7CDD200EC70FE /* CustomNavBarModifier.swift */,
				E7BD1C6E2CC7CDB200EC70FE /* ValidationTextField.swift */,
				E7BD1C6C2CC7CD9600EC70FE /* Extension + View.swift */,
			);
			path = "Extension + View";
			sourceTree = "<group>";
		};
		E7BD1C722CC7CDF300EC70FE /* Shape */ = {
			isa = PBXGroup;
			children = (
				E7BD1C732CC7CE0100EC70FE /* EnabledButton.swift */,
			);
			path = Shape;
			sourceTree = "<group>";
		};
		F3C8CB322CC658C6002DE72A = {
			isa = PBXGroup;
			children = (
				F3C8CB3D2CC658C6002DE72A /* Birthday */,
				F3C8CB3C2CC658C6002DE72A /* Products */,
				F3C8CB702CC67A5D002DE72A /* Frameworks */,
			);
			sourceTree = "<group>";
		};
		F3C8CB3C2CC658C6002DE72A /* Products */ = {
			isa = PBXGroup;
			children = (
				F3C8CB3B2CC658C6002DE72A /* Birthday.app */,
			);
			name = Products;
			sourceTree = "<group>";
		};
		F3C8CB3D2CC658C6002DE72A /* Birthday */ = {
			isa = PBXGroup;
			children = (
				F3C8CBB02CC78417002DE72A /* Modules */,
				F3C8CB992CC6A5F2002DE72A /* App */,
				F3C8CB572CC65F15002DE72A /* GraphQL */,
				F3C8CB9C2CC6A612002DE72A /* Preview Content */,
				F3C8CBA12CC6A61D002DE72A /* Resources */,
				F3C8CB9F2CC6A61D002DE72A /* Screens */,
				F3C8CBA32CC6A61D002DE72A /* Utils */,
			);
			path = Birthday;
			sourceTree = "<group>";
		};
		F3C8CB572CC65F15002DE72A /* GraphQL */ = {
			isa = PBXGroup;
			children = (
				F3C8CB712CC67E5F002DE72A /* Repository */,
				F3C8CB722CC6807C002DE72A /* Mutations */,
				F3C8CB5E2CC6607E002DE72A /* Queries */,
				F3C8CB5B2CC66036002DE72A /* Client */,
			);
			path = GraphQL;
			sourceTree = "<group>";
		};
		F3C8CB5B2CC66036002DE72A /* Client */ = {
			isa = PBXGroup;
			children = (
				F3C8CB5C2CC66048002DE72A /* AppoloClient.swift */,
			);
			path = Client;
			sourceTree = "<group>";
		};
		F3C8CB5E2CC6607E002DE72A /* Queries */ = {
			isa = PBXGroup;
			children = (
				F3C8CB6B2CC6783F002DE72A /* GetBirthdays.graphql */,
			);
			path = Queries;
			sourceTree = "<group>";
		};
		F3C8CB702CC67A5D002DE72A /* Frameworks */ = {
			isa = PBXGroup;
			children = (
			);
			name = Frameworks;
			sourceTree = "<group>";
		};
		F3C8CB712CC67E5F002DE72A /* Repository */ = {
			isa = PBXGroup;
			children = (
				F3C8CB752CC682C9002DE72A /* GraphQLRepository.swift */,
				F3C8CBE92CC7AAFC002DE72A /* HomeRepository.swift */,
			);
			path = Repository;
			sourceTree = "<group>";
		};
		F3C8CB722CC6807C002DE72A /* Mutations */ = {
			isa = PBXGroup;
			children = (
			);
			path = Mutations;
			sourceTree = "<group>";
		};
		F3C8CB992CC6A5F2002DE72A /* App */ = {
			isa = PBXGroup;
			children = (
				F3C8CB9A2CC6A5F2002DE72A /* BirthdayApp.swift */,
			);
			path = App;
			sourceTree = "<group>";
		};
		F3C8CB9C2CC6A612002DE72A /* Preview Content */ = {
			isa = PBXGroup;
			children = (
				F3C8CB9D2CC6A612002DE72A /* Preview Assets.xcassets */,
			);
			path = "Preview Content";
			sourceTree = "<group>";
		};
		F3C8CB9F2CC6A61D002DE72A /* Screens */ = {
			isa = PBXGroup;
			children = (
				F3C8CBA02CC6A61D002DE72A /* ContentView.swift */,
			);
			path = Screens;
			sourceTree = "<group>";
		};
		F3C8CBA12CC6A61D002DE72A /* Resources */ = {
			isa = PBXGroup;
			children = (
				F3C8CBA22CC6A61D002DE72A /* Assets.xcassets */,
			);
			path = Resources;
			sourceTree = "<group>";
		};
		F3C8CBA32CC6A61D002DE72A /* Utils */ = {
			isa = PBXGroup;
			children = (
				F3C8CBA42CC6A61D002DE72A /* Extensions */,
				F3C8CBA72CC6A61D002DE72A /* Localization */,
			);
			path = Utils;
			sourceTree = "<group>";
		};
		F3C8CBA42CC6A61D002DE72A /* Extensions */ = {
			isa = PBXGroup;
			children = (
				E7BD1C6B2CC7CD8500EC70FE /* Extension + View */,
				E7BD1C722CC7CDF300EC70FE /* Shape */,
				F3C8CBA52CC6A61D002DE72A /* String+Ext.swift */,
				F3C8CBA62CC6A61D002DE72A /* Texts.swift */,
				F3C8CBF32CC7B5CE002DE72A /* View+Extension.swift */,
			);
			path = Extensions;
			sourceTree = "<group>";
		};
		F3C8CBA72CC6A61D002DE72A /* Localization */ = {
			isa = PBXGroup;
			children = (
				F3C8CBA82CC6A61D002DE72A /* Localizable.strings */,
			);
			path = Localization;
			sourceTree = "<group>";
		};
		F3C8CBB02CC78417002DE72A /* Modules */ = {
			isa = PBXGroup;
			children = (
				E7BD1C642CC7CCFC00EC70FE /* SignIn */,
				F3C8CBBD2CC7894F002DE72A /* Profile */,
				F3C8CBBC2CC7893B002DE72A /* AddBirthday */,
				F3C8CBBB2CC78934002DE72A /* Shops */,
				F3C8CBBA2CC7892E002DE72A /* Home */,
				F3C8CBB12CC7841E002DE72A /* Tabbar */,
			);
			path = Modules;
			sourceTree = "<group>";
		};
		F3C8CBB12CC7841E002DE72A /* Tabbar */ = {
			isa = PBXGroup;
			children = (
				F3C8CBB52CC78674002DE72A /* View */,
				F3C8CBB22CC7844C002DE72A /* Model */,
			);
			path = Tabbar;
			sourceTree = "<group>";
		};
		F3C8CBB22CC7844C002DE72A /* Model */ = {
			isa = PBXGroup;
			children = (
				F3C8CBB32CC7845F002DE72A /* TabModel.swift */,
			);
			path = Model;
			sourceTree = "<group>";
		};
		F3C8CBB52CC78674002DE72A /* View */ = {
			isa = PBXGroup;
			children = (
				F3C8CBB62CC78681002DE72A /* TabView.swift */,
				F3C8CBB82CC78830002DE72A /* TabBarView.swift */,
			);
			path = View;
			sourceTree = "<group>";
		};
		F3C8CBBA2CC7892E002DE72A /* Home */ = {
			isa = PBXGroup;
			children = (
				F3C8CBF52CC7B9D5002DE72A /* Model */,
				F3C8CBEE2CC7B3CD002DE72A /* ViewModel */,
				F3C8CBC12CC7898A002DE72A /* View */,
			);
			path = Home;
			sourceTree = "<group>";
		};
		F3C8CBBB2CC78934002DE72A /* Shops */ = {
			isa = PBXGroup;
			children = (
				F3C8CBC02CC78986002DE72A /* View */,
			);
			path = Shops;
			sourceTree = "<group>";
		};
		F3C8CBBC2CC7893B002DE72A /* AddBirthday */ = {
			isa = PBXGroup;
			children = (
				F3C8CBBF2CC78981002DE72A /* View */,
			);
			path = AddBirthday;
			sourceTree = "<group>";
		};
		F3C8CBBD2CC7894F002DE72A /* Profile */ = {
			isa = PBXGroup;
			children = (
				F3C8CBBE2CC78979002DE72A /* View */,
			);
			path = Profile;
			sourceTree = "<group>";
		};
		F3C8CBBE2CC78979002DE72A /* View */ = {
			isa = PBXGroup;
			children = (
				F3C8CBC82CC78A12002DE72A /* ProfileScreen.swift */,
			);
			path = View;
			sourceTree = "<group>";
		};
		F3C8CBBF2CC78981002DE72A /* View */ = {
			isa = PBXGroup;
			children = (
				F3C8CBC62CC789EE002DE72A /* AddBirthdayScreen.swift */,
			);
			path = View;
			sourceTree = "<group>";
		};
		F3C8CBC02CC78986002DE72A /* View */ = {
			isa = PBXGroup;
			children = (
				F3C8CBC42CC789D0002DE72A /* ShopsScreen.swift */,
			);
			path = View;
			sourceTree = "<group>";
		};
		F3C8CBC12CC7898A002DE72A /* View */ = {
			isa = PBXGroup;
			children = (
				F3C8CBC22CC789AA002DE72A /* HomeScreen.swift */,
				F3C8CBF82CC7BB4D002DE72A /* BirthDayCell.swift */,
			);
			path = View;
			sourceTree = "<group>";
		};
		F3C8CBEE2CC7B3CD002DE72A /* ViewModel */ = {
			isa = PBXGroup;
			children = (
				F3C8CBEF2CC7B3F0002DE72A /* HomeViewModeling.swift */,
				F3C8CBF12CC7B441002DE72A /* HomeViewModel.swift */,
			);
			path = ViewModel;
			sourceTree = "<group>";
		};
		F3C8CBF52CC7B9D5002DE72A /* Model */ = {
			isa = PBXGroup;
			children = (
				F3C8CBF62CC7B9EF002DE72A /* BirthdayModel.swift */,
			);
			path = Model;
			sourceTree = "<group>";
		};
/* End PBXGroup section */

/* Begin PBXNativeTarget section */
		F3C8CB3A2CC658C6002DE72A /* Birthday */ = {
			isa = PBXNativeTarget;
			buildConfigurationList = F3C8CB492CC658C9002DE72A /* Build configuration list for PBXNativeTarget "Birthday" */;
			buildPhases = (
				F3C8CB372CC658C6002DE72A /* Sources */,
				F3C8CB382CC658C6002DE72A /* Frameworks */,
				F3C8CB392CC658C6002DE72A /* Resources */,
			);
			buildRules = (
			);
			dependencies = (
			);
			name = Birthday;
			packageProductDependencies = (
				F3C8CB6E2CC67A03002DE72A /* BirthDayAPI */,
				F3C8CB782CC68E90002DE72A /* Apollo */,
				F3C8CB7A2CC68E90002DE72A /* ApolloAPI */,
				F3C8CB7C2CC68E90002DE72A /* ApolloSQLite */,
			);
			productName = Birthday;
			productReference = F3C8CB3B2CC658C6002DE72A /* Birthday.app */;
			productType = "com.apple.product-type.application";
		};
/* End PBXNativeTarget section */

/* Begin PBXProject section */
		F3C8CB332CC658C6002DE72A /* Project object */ = {
			isa = PBXProject;
			attributes = {
				BuildIndependentTargetsInParallel = 1;
				LastSwiftUpdateCheck = 1520;
				LastUpgradeCheck = 1520;
				TargetAttributes = {
					F3C8CB3A2CC658C6002DE72A = {
						CreatedOnToolsVersion = 15.2;
					};
				};
			};
			buildConfigurationList = F3C8CB362CC658C6002DE72A /* Build configuration list for PBXProject "Birthday" */;
			compatibilityVersion = "Xcode 14.0";
			developmentRegion = en;
			hasScannedForEncodings = 0;
			knownRegions = (
				en,
				Base,
				ru,
			);
			mainGroup = F3C8CB322CC658C6002DE72A;
			packageReferences = (
				F3C8CB6D2CC67A03002DE72A /* XCLocalSwiftPackageReference "BirthDayAPI" */,
				F3C8CB772CC68E90002DE72A /* XCRemoteSwiftPackageReference "apollo-ios" */,
			);
			productRefGroup = F3C8CB3C2CC658C6002DE72A /* Products */;
			projectDirPath = "";
			projectRoot = "";
			targets = (
				F3C8CB3A2CC658C6002DE72A /* Birthday */,
			);
		};
/* End PBXProject section */

/* Begin PBXResourcesBuildPhase section */
		F3C8CB392CC658C6002DE72A /* Resources */ = {
			isa = PBXResourcesBuildPhase;
			buildActionMask = 2147483647;
			files = (
				F3C8CB9E2CC6A612002DE72A /* Preview Assets.xcassets in Resources */,
				F3C8CBAF2CC6A61D002DE72A /* Localizable.strings in Resources */,
				F3C8CBAC2CC6A61D002DE72A /* Assets.xcassets in Resources */,
				F3C8CB732CC680AD002DE72A /* GetBirthdays.graphql in Resources */,
			);
			runOnlyForDeploymentPostprocessing = 0;
		};
/* End PBXResourcesBuildPhase section */

/* Begin PBXSourcesBuildPhase section */
		F3C8CB372CC658C6002DE72A /* Sources */ = {
			isa = PBXSourcesBuildPhase;
			buildActionMask = 2147483647;
			files = (
				F3C8CBF72CC7B9EF002DE72A /* BirthdayModel.swift in Sources */,
				F3C8CBAE2CC6A61D002DE72A /* Texts.swift in Sources */,
				F3C8CBC92CC78A12002DE72A /* ProfileScreen.swift in Sources */,
				E7BD1C6D2CC7CDA200EC70FE /* Extension + View.swift in Sources */,
				F3C8CBB92CC78830002DE72A /* TabBarView.swift in Sources */,
				F3C8CBF42CC7B5CE002DE72A /* View+Extension.swift in Sources */,
				F3C8CBF22CC7B441002DE72A /* HomeViewModel.swift in Sources */,
				F3C8CB762CC682C9002DE72A /* GraphQLRepository.swift in Sources */,
				E7BD1C712CC7CDD300EC70FE /* CustomNavBarModifier.swift in Sources */,
				F3C8CBC32CC789AA002DE72A /* HomeScreen.swift in Sources */,
				F3C8CBB72CC78681002DE72A /* TabView.swift in Sources */,
				F3C8CBF02CC7B3F0002DE72A /* HomeViewModeling.swift in Sources */,
				F3C8CBC52CC789D0002DE72A /* ShopsScreen.swift in Sources */,
				F3C8CB5D2CC66048002DE72A /* AppoloClient.swift in Sources */,
				E7BD1C662CC7CD1700EC70FE /* SignInViewModel.swift in Sources */,
				E7BD1C692CC7CD4800EC70FE /* SignInView.swift in Sources */,
				E7BD1C6F2CC7CDB700EC70FE /* ValidationTextField.swift in Sources */,
				F3C8CBEA2CC7AAFC002DE72A /* HomeRepository.swift in Sources */,
				F3C8CBAB2CC6A61D002DE72A /* ContentView.swift in Sources */,
				F3C8CBC72CC789EE002DE72A /* AddBirthdayScreen.swift in Sources */,
				F3C8CBAD2CC6A61D002DE72A /* String+Ext.swift in Sources */,
				F3C8CBB42CC7845F002DE72A /* TabModel.swift in Sources */,
				E7BD1C742CC7CE0200EC70FE /* EnabledButton.swift in Sources */,
				F3C8CB9B2CC6A5F2002DE72A /* BirthdayApp.swift in Sources */,
				F3C8CBF92CC7BB4D002DE72A /* BirthDayCell.swift in Sources */,
			);
			runOnlyForDeploymentPostprocessing = 0;
		};
/* End PBXSourcesBuildPhase section */

/* Begin PBXVariantGroup section */
		F3C8CBA82CC6A61D002DE72A /* Localizable.strings */ = {
			isa = PBXVariantGroup;
			children = (
				F3C8CBA92CC6A61D002DE72A /* en */,
				F3C8CBAA2CC6A61D002DE72A /* ru */,
			);
			name = Localizable.strings;
			sourceTree = "<group>";
		};
/* End PBXVariantGroup section */

/* Begin XCBuildConfiguration section */
		F3C8CB472CC658C9002DE72A /* Debug */ = {
			isa = XCBuildConfiguration;
			buildSettings = {
				ALWAYS_SEARCH_USER_PATHS = NO;
				ASSETCATALOG_COMPILER_GENERATE_SWIFT_ASSET_SYMBOL_EXTENSIONS = YES;
				CLANG_ANALYZER_LOCALIZABILITY_NONLOCALIZED = YES;
				CLANG_ANALYZER_NONNULL = YES;
				CLANG_ANALYZER_NUMBER_OBJECT_CONVERSION = YES_AGGRESSIVE;
				CLANG_CXX_LANGUAGE_STANDARD = "gnu++20";
				CLANG_ENABLE_MODULES = YES;
				CLANG_ENABLE_OBJC_ARC = YES;
				CLANG_ENABLE_OBJC_WEAK = YES;
				CLANG_WARN_BLOCK_CAPTURE_AUTORELEASING = YES;
				CLANG_WARN_BOOL_CONVERSION = YES;
				CLANG_WARN_COMMA = YES;
				CLANG_WARN_CONSTANT_CONVERSION = YES;
				CLANG_WARN_DEPRECATED_OBJC_IMPLEMENTATIONS = YES;
				CLANG_WARN_DIRECT_OBJC_ISA_USAGE = YES_ERROR;
				CLANG_WARN_DOCUMENTATION_COMMENTS = YES;
				CLANG_WARN_EMPTY_BODY = YES;
				CLANG_WARN_ENUM_CONVERSION = YES;
				CLANG_WARN_INFINITE_RECURSION = YES;
				CLANG_WARN_INT_CONVERSION = YES;
				CLANG_WARN_NON_LITERAL_NULL_CONVERSION = YES;
				CLANG_WARN_OBJC_IMPLICIT_RETAIN_SELF = YES;
				CLANG_WARN_OBJC_LITERAL_CONVERSION = YES;
				CLANG_WARN_OBJC_ROOT_CLASS = YES_ERROR;
				CLANG_WARN_QUOTED_INCLUDE_IN_FRAMEWORK_HEADER = YES;
				CLANG_WARN_RANGE_LOOP_ANALYSIS = YES;
				CLANG_WARN_STRICT_PROTOTYPES = YES;
				CLANG_WARN_SUSPICIOUS_MOVE = YES;
				CLANG_WARN_UNGUARDED_AVAILABILITY = YES_AGGRESSIVE;
				CLANG_WARN_UNREACHABLE_CODE = YES;
				CLANG_WARN__DUPLICATE_METHOD_MATCH = YES;
				COPY_PHASE_STRIP = NO;
				DEBUG_INFORMATION_FORMAT = dwarf;
				ENABLE_STRICT_OBJC_MSGSEND = YES;
				ENABLE_TESTABILITY = YES;
				ENABLE_USER_SCRIPT_SANDBOXING = YES;
				GCC_C_LANGUAGE_STANDARD = gnu17;
				GCC_DYNAMIC_NO_PIC = NO;
				GCC_NO_COMMON_BLOCKS = YES;
				GCC_OPTIMIZATION_LEVEL = 0;
				GCC_PREPROCESSOR_DEFINITIONS = (
					"DEBUG=1",
					"$(inherited)",
				);
				GCC_WARN_64_TO_32_BIT_CONVERSION = YES;
				GCC_WARN_ABOUT_RETURN_TYPE = YES_ERROR;
				GCC_WARN_UNDECLARED_SELECTOR = YES;
				GCC_WARN_UNINITIALIZED_AUTOS = YES_AGGRESSIVE;
				GCC_WARN_UNUSED_FUNCTION = YES;
				GCC_WARN_UNUSED_VARIABLE = YES;
				IPHONEOS_DEPLOYMENT_TARGET = 17.2;
				LOCALIZATION_PREFERS_STRING_CATALOGS = YES;
				MTL_ENABLE_DEBUG_INFO = INCLUDE_SOURCE;
				MTL_FAST_MATH = YES;
				ONLY_ACTIVE_ARCH = YES;
				SDKROOT = iphoneos;
				SWIFT_ACTIVE_COMPILATION_CONDITIONS = "DEBUG $(inherited)";
				SWIFT_OPTIMIZATION_LEVEL = "-Onone";
			};
			name = Debug;
		};
		F3C8CB482CC658C9002DE72A /* Release */ = {
			isa = XCBuildConfiguration;
			buildSettings = {
				ALWAYS_SEARCH_USER_PATHS = NO;
				ASSETCATALOG_COMPILER_GENERATE_SWIFT_ASSET_SYMBOL_EXTENSIONS = YES;
				CLANG_ANALYZER_LOCALIZABILITY_NONLOCALIZED = YES;
				CLANG_ANALYZER_NONNULL = YES;
				CLANG_ANALYZER_NUMBER_OBJECT_CONVERSION = YES_AGGRESSIVE;
				CLANG_CXX_LANGUAGE_STANDARD = "gnu++20";
				CLANG_ENABLE_MODULES = YES;
				CLANG_ENABLE_OBJC_ARC = YES;
				CLANG_ENABLE_OBJC_WEAK = YES;
				CLANG_WARN_BLOCK_CAPTURE_AUTORELEASING = YES;
				CLANG_WARN_BOOL_CONVERSION = YES;
				CLANG_WARN_COMMA = YES;
				CLANG_WARN_CONSTANT_CONVERSION = YES;
				CLANG_WARN_DEPRECATED_OBJC_IMPLEMENTATIONS = YES;
				CLANG_WARN_DIRECT_OBJC_ISA_USAGE = YES_ERROR;
				CLANG_WARN_DOCUMENTATION_COMMENTS = YES;
				CLANG_WARN_EMPTY_BODY = YES;
				CLANG_WARN_ENUM_CONVERSION = YES;
				CLANG_WARN_INFINITE_RECURSION = YES;
				CLANG_WARN_INT_CONVERSION = YES;
				CLANG_WARN_NON_LITERAL_NULL_CONVERSION = YES;
				CLANG_WARN_OBJC_IMPLICIT_RETAIN_SELF = YES;
				CLANG_WARN_OBJC_LITERAL_CONVERSION = YES;
				CLANG_WARN_OBJC_ROOT_CLASS = YES_ERROR;
				CLANG_WARN_QUOTED_INCLUDE_IN_FRAMEWORK_HEADER = YES;
				CLANG_WARN_RANGE_LOOP_ANALYSIS = YES;
				CLANG_WARN_STRICT_PROTOTYPES = YES;
				CLANG_WARN_SUSPICIOUS_MOVE = YES;
				CLANG_WARN_UNGUARDED_AVAILABILITY = YES_AGGRESSIVE;
				CLANG_WARN_UNREACHABLE_CODE = YES;
				CLANG_WARN__DUPLICATE_METHOD_MATCH = YES;
				COPY_PHASE_STRIP = NO;
				DEBUG_INFORMATION_FORMAT = "dwarf-with-dsym";
				ENABLE_NS_ASSERTIONS = NO;
				ENABLE_STRICT_OBJC_MSGSEND = YES;
				ENABLE_USER_SCRIPT_SANDBOXING = YES;
				GCC_C_LANGUAGE_STANDARD = gnu17;
				GCC_NO_COMMON_BLOCKS = YES;
				GCC_WARN_64_TO_32_BIT_CONVERSION = YES;
				GCC_WARN_ABOUT_RETURN_TYPE = YES_ERROR;
				GCC_WARN_UNDECLARED_SELECTOR = YES;
				GCC_WARN_UNINITIALIZED_AUTOS = YES_AGGRESSIVE;
				GCC_WARN_UNUSED_FUNCTION = YES;
				GCC_WARN_UNUSED_VARIABLE = YES;
				IPHONEOS_DEPLOYMENT_TARGET = 17.2;
				LOCALIZATION_PREFERS_STRING_CATALOGS = YES;
				MTL_ENABLE_DEBUG_INFO = NO;
				MTL_FAST_MATH = YES;
				SDKROOT = iphoneos;
				SWIFT_COMPILATION_MODE = wholemodule;
				VALIDATE_PRODUCT = YES;
			};
			name = Release;
		};
		F3C8CB4A2CC658C9002DE72A /* Debug */ = {
			isa = XCBuildConfiguration;
			buildSettings = {
				ASSETCATALOG_COMPILER_APPICON_NAME = AppIcon;
				ASSETCATALOG_COMPILER_GLOBAL_ACCENT_COLOR_NAME = AccentColor;
				CODE_SIGN_STYLE = Automatic;
				CURRENT_PROJECT_VERSION = 1;
				DEVELOPMENT_ASSET_PATHS = "\"Birthday/Preview Content\"";
				DEVELOPMENT_TEAM = XAKAWHWK38;
				ENABLE_PREVIEWS = YES;
				GENERATE_INFOPLIST_FILE = YES;
				INFOPLIST_KEY_UIApplicationSceneManifest_Generation = YES;
				INFOPLIST_KEY_UIApplicationSupportsIndirectInputEvents = YES;
				INFOPLIST_KEY_UILaunchScreen_Generation = YES;
				INFOPLIST_KEY_UISupportedInterfaceOrientations_iPad = "UIInterfaceOrientationPortrait UIInterfaceOrientationPortraitUpsideDown UIInterfaceOrientationLandscapeLeft UIInterfaceOrientationLandscapeRight";
				INFOPLIST_KEY_UISupportedInterfaceOrientations_iPhone = "UIInterfaceOrientationPortrait UIInterfaceOrientationLandscapeLeft UIInterfaceOrientationLandscapeRight";
				IPHONEOS_DEPLOYMENT_TARGET = 16.0;
				LD_RUNPATH_SEARCH_PATHS = (
					"$(inherited)",
					"@executable_path/Frameworks",
				);
				MARKETING_VERSION = 1.0;
				PRODUCT_BUNDLE_IDENTIFIER = com.Birthday.ios;
				PRODUCT_NAME = "$(TARGET_NAME)";
				SUPPORTED_PLATFORMS = "iphoneos iphonesimulator";
				SUPPORTS_MACCATALYST = NO;
				SUPPORTS_MAC_DESIGNED_FOR_IPHONE_IPAD = NO;
				SUPPORTS_XR_DESIGNED_FOR_IPHONE_IPAD = NO;
				SWIFT_EMIT_LOC_STRINGS = YES;
				SWIFT_VERSION = 5.0;
				TARGETED_DEVICE_FAMILY = "1,2";
			};
			name = Debug;
		};
		F3C8CB4B2CC658C9002DE72A /* Release */ = {
			isa = XCBuildConfiguration;
			buildSettings = {
				ASSETCATALOG_COMPILER_APPICON_NAME = AppIcon;
				ASSETCATALOG_COMPILER_GLOBAL_ACCENT_COLOR_NAME = AccentColor;
				CODE_SIGN_STYLE = Automatic;
				CURRENT_PROJECT_VERSION = 1;
				DEVELOPMENT_ASSET_PATHS = "\"Birthday/Preview Content\"";
				DEVELOPMENT_TEAM = XAKAWHWK38;
				ENABLE_PREVIEWS = YES;
				GENERATE_INFOPLIST_FILE = YES;
				INFOPLIST_KEY_UIApplicationSceneManifest_Generation = YES;
				INFOPLIST_KEY_UIApplicationSupportsIndirectInputEvents = YES;
				INFOPLIST_KEY_UILaunchScreen_Generation = YES;
				INFOPLIST_KEY_UISupportedInterfaceOrientations_iPad = "UIInterfaceOrientationPortrait UIInterfaceOrientationPortraitUpsideDown UIInterfaceOrientationLandscapeLeft UIInterfaceOrientationLandscapeRight";
				INFOPLIST_KEY_UISupportedInterfaceOrientations_iPhone = "UIInterfaceOrientationPortrait UIInterfaceOrientationLandscapeLeft UIInterfaceOrientationLandscapeRight";
				IPHONEOS_DEPLOYMENT_TARGET = 16.0;
				LD_RUNPATH_SEARCH_PATHS = (
					"$(inherited)",
					"@executable_path/Frameworks",
				);
				MARKETING_VERSION = 1.0;
				PRODUCT_BUNDLE_IDENTIFIER = com.Birthday.ios;
				PRODUCT_NAME = "$(TARGET_NAME)";
				SUPPORTED_PLATFORMS = "iphoneos iphonesimulator";
				SUPPORTS_MACCATALYST = NO;
				SUPPORTS_MAC_DESIGNED_FOR_IPHONE_IPAD = NO;
				SUPPORTS_XR_DESIGNED_FOR_IPHONE_IPAD = NO;
				SWIFT_EMIT_LOC_STRINGS = YES;
				SWIFT_VERSION = 5.0;
				TARGETED_DEVICE_FAMILY = "1,2";
			};
			name = Release;
		};
/* End XCBuildConfiguration section */

/* Begin XCConfigurationList section */
		F3C8CB362CC658C6002DE72A /* Build configuration list for PBXProject "Birthday" */ = {
			isa = XCConfigurationList;
			buildConfigurations = (
				F3C8CB472CC658C9002DE72A /* Debug */,
				F3C8CB482CC658C9002DE72A /* Release */,
			);
			defaultConfigurationIsVisible = 0;
			defaultConfigurationName = Release;
		};
		F3C8CB492CC658C9002DE72A /* Build configuration list for PBXNativeTarget "Birthday" */ = {
			isa = XCConfigurationList;
			buildConfigurations = (
				F3C8CB4A2CC658C9002DE72A /* Debug */,
				F3C8CB4B2CC658C9002DE72A /* Release */,
			);
			defaultConfigurationIsVisible = 0;
			defaultConfigurationName = Release;
		};
/* End XCConfigurationList section */

/* Begin XCLocalSwiftPackageReference section */
		F3C8CB6D2CC67A03002DE72A /* XCLocalSwiftPackageReference "BirthDayAPI" */ = {
			isa = XCLocalSwiftPackageReference;
			relativePath = BirthDayAPI;
		};
/* End XCLocalSwiftPackageReference section */

/* Begin XCRemoteSwiftPackageReference section */
		F3C8CB772CC68E90002DE72A /* XCRemoteSwiftPackageReference "apollo-ios" */ = {
			isa = XCRemoteSwiftPackageReference;
			repositoryURL = "https://github.com/apollographql/apollo-ios";
			requirement = {
				kind = upToNextMajorVersion;
				minimumVersion = 1.15.2;
			};
		};
/* End XCRemoteSwiftPackageReference section */

/* Begin XCSwiftPackageProductDependency section */
		F3C8CB6E2CC67A03002DE72A /* BirthDayAPI */ = {
			isa = XCSwiftPackageProductDependency;
			productName = BirthDayAPI;
		};
		F3C8CB782CC68E90002DE72A /* Apollo */ = {
			isa = XCSwiftPackageProductDependency;
			package = F3C8CB772CC68E90002DE72A /* XCRemoteSwiftPackageReference "apollo-ios" */;
			productName = Apollo;
		};
		F3C8CB7A2CC68E90002DE72A /* ApolloAPI */ = {
			isa = XCSwiftPackageProductDependency;
			package = F3C8CB772CC68E90002DE72A /* XCRemoteSwiftPackageReference "apollo-ios" */;
			productName = ApolloAPI;
		};
		F3C8CB7C2CC68E90002DE72A /* ApolloSQLite */ = {
			isa = XCSwiftPackageProductDependency;
			package = F3C8CB772CC68E90002DE72A /* XCRemoteSwiftPackageReference "apollo-ios" */;
			productName = ApolloSQLite;
		};
/* End XCSwiftPackageProductDependency section */
	};
	rootObject = F3C8CB332CC658C6002DE72A /* Project object */;
}
