// !$*UTF8*$!
{
	archiveVersion = 1;
	classes = {
	};
	objectVersion = 70;
	objects = {

/* Begin PBXBuildFile section */
		CE98D2A72CC65C640017E477 /* RoundedCornersShape.swift in Sources */ = {isa = PBXBuildFile; fileRef = CE98D2A62CC65C640017E477 /* RoundedCornersShape.swift */; };
		CE98D2A92CC65CA60017E477 /* Localize.swift in Sources */ = {isa = PBXBuildFile; fileRef = CE98D2A82CC65CA60017E477 /* Localize.swift */; };
		CE98D2AB2CC65CC50017E477 /* Texts.swift in Sources */ = {isa = PBXBuildFile; fileRef = CE98D2AA2CC65CC50017E477 /* Texts.swift */; };
		CE98D2AE2CC65CEF0017E477 /* Localizable.strings in Resources */ = {isa = PBXBuildFile; fileRef = CE98D2AC2CC65CEF0017E477 /* Localizable.strings */; };
		E7488D4A2CC7AAF200345154 /* View.swift in Sources */ = {isa = PBXBuildFile; fileRef = E7488D492CC7AAEC00345154 /* View.swift */; };
		E7666F2B2CC68577009C2FC5 /* EnabledButton.swift in Sources */ = {isa = PBXBuildFile; fileRef = E7666F2A2CC68557009C2FC5 /* EnabledButton.swift */; };
		E7666F2D2CC687EA009C2FC5 /* CustomNavBarModifier.swift in Sources */ = {isa = PBXBuildFile; fileRef = E7666F2C2CC68793009C2FC5 /* CustomNavBarModifier.swift */; };
		E7911F592CC667CC00ADF52F /* SignInView.swift in Sources */ = {isa = PBXBuildFile; fileRef = E7911F582CC667CC00ADF52F /* SignInView.swift */; };
		E7BCB52B2CC66D27007D497F /* ValidationTextField.swift in Sources */ = {isa = PBXBuildFile; fileRef = E7BCB52A2CC66D27007D497F /* ValidationTextField.swift */; };
		F3C8CB3F2CC658C6002DE72A /* BirthdayApp.swift in Sources */ = {isa = PBXBuildFile; fileRef = F3C8CB3E2CC658C6002DE72A /* BirthdayApp.swift */; };
		F3C8CB412CC658C6002DE72A /* ContentView.swift in Sources */ = {isa = PBXBuildFile; fileRef = F3C8CB402CC658C6002DE72A /* ContentView.swift */; };
		F3C8CB432CC658C9002DE72A /* Assets.xcassets in Resources */ = {isa = PBXBuildFile; fileRef = F3C8CB422CC658C9002DE72A /* Assets.xcassets */; };
		F3C8CB462CC658C9002DE72A /* Preview Assets.xcassets in Resources */ = {isa = PBXBuildFile; fileRef = F3C8CB452CC658C9002DE72A /* Preview Assets.xcassets */; };
/* End PBXBuildFile section */

/* Begin PBXFileReference section */
		CE98D2A62CC65C640017E477 /* RoundedCornersShape.swift */ = {isa = PBXFileReference; lastKnownFileType = sourcecode.swift; path = RoundedCornersShape.swift; sourceTree = "<group>"; };
		CE98D2A82CC65CA60017E477 /* Localize.swift */ = {isa = PBXFileReference; lastKnownFileType = sourcecode.swift; path = Localize.swift; sourceTree = "<group>"; };
		CE98D2AA2CC65CC50017E477 /* Texts.swift */ = {isa = PBXFileReference; lastKnownFileType = sourcecode.swift; path = Texts.swift; sourceTree = "<group>"; };
		CE98D2AD2CC65CEF0017E477 /* en */ = {isa = PBXFileReference; lastKnownFileType = text.plist.strings; name = en; path = en.lproj/Localizable.strings; sourceTree = "<group>"; };
		E7488D492CC7AAEC00345154 /* View.swift */ = {isa = PBXFileReference; lastKnownFileType = sourcecode.swift; path = View.swift; sourceTree = "<group>"; };
		E7666F2A2CC68557009C2FC5 /* EnabledButton.swift */ = {isa = PBXFileReference; lastKnownFileType = sourcecode.swift; path = EnabledButton.swift; sourceTree = "<group>"; };
		E7666F2C2CC68793009C2FC5 /* CustomNavBarModifier.swift */ = {isa = PBXFileReference; lastKnownFileType = sourcecode.swift; path = CustomNavBarModifier.swift; sourceTree = "<group>"; };
		E7911F582CC667CC00ADF52F /* SignInView.swift */ = {isa = PBXFileReference; lastKnownFileType = sourcecode.swift; path = SignInView.swift; sourceTree = "<group>"; };
		E7BCB52A2CC66D27007D497F /* ValidationTextField.swift */ = {isa = PBXFileReference; lastKnownFileType = sourcecode.swift; path = ValidationTextField.swift; sourceTree = "<group>"; };
		F3C8CB3B2CC658C6002DE72A /* Birthday.app */ = {isa = PBXFileReference; explicitFileType = wrapper.application; includeInIndex = 0; path = Birthday.app; sourceTree = BUILT_PRODUCTS_DIR; };
		F3C8CB3E2CC658C6002DE72A /* BirthdayApp.swift */ = {isa = PBXFileReference; lastKnownFileType = sourcecode.swift; path = BirthdayApp.swift; sourceTree = "<group>"; };
		F3C8CB402CC658C6002DE72A /* ContentView.swift */ = {isa = PBXFileReference; lastKnownFileType = sourcecode.swift; path = ContentView.swift; sourceTree = "<group>"; };
		F3C8CB422CC658C9002DE72A /* Assets.xcassets */ = {isa = PBXFileReference; lastKnownFileType = folder.assetcatalog; path = Assets.xcassets; sourceTree = "<group>"; };
		F3C8CB452CC658C9002DE72A /* Preview Assets.xcassets */ = {isa = PBXFileReference; lastKnownFileType = folder.assetcatalog; path = "Preview Assets.xcassets"; sourceTree = "<group>"; };
/* End PBXFileReference section */

/* Begin PBXFileSystemSynchronizedRootGroup section */
		E7BCB5262CC66C8D007D497F /* ViewModels */ = {isa = PBXFileSystemSynchronizedRootGroup; explicitFileTypes = {}; explicitFolders = (); path = ViewModels; sourceTree = "<group>"; };
/* End PBXFileSystemSynchronizedRootGroup section */

/* Begin PBXFrameworksBuildPhase section */
		F3C8CB382CC658C6002DE72A /* Frameworks */ = {
			isa = PBXFrameworksBuildPhase;
			buildActionMask = 2147483647;
			files = (
			);
			runOnlyForDeploymentPostprocessing = 0;
		};
/* End PBXFrameworksBuildPhase section */

/* Begin PBXGroup section */
		CE98D29C2CC65BE10017E477 /* App */ = {
			isa = PBXGroup;
			children = (
				F3C8CB3E2CC658C6002DE72A /* BirthdayApp.swift */,
			);
			path = App;
			sourceTree = "<group>";
		};
		CE98D29D2CC65BE60017E477 /* Models */ = {
			isa = PBXGroup;
			children = (
			);
			path = Models;
			sourceTree = "<group>";
		};
		CE98D29E2CC65BF70017E477 /* NetworkLayer */ = {
			isa = PBXGroup;
			children = (
			);
			path = NetworkLayer;
			sourceTree = "<group>";
		};
		CE98D2A02CC65C050017E477 /* Screens */ = {
			isa = PBXGroup;
			children = (
				F3C8CB402CC658C6002DE72A /* ContentView.swift */,
			);
			path = Screens;
			sourceTree = "<group>";
		};
		CE98D2A12CC65C100017E477 /* Utils */ = {
			isa = PBXGroup;
			children = (
				E7666F2E2CC687F2009C2FC5 /* Extension + View */,
				CE98D2A52CC65C490017E477 /* Shape */,
				CE98D2A42CC65C2D0017E477 /* Localization */,
				CE98D2A32CC65C250017E477 /* Extensions */,
			);
			path = Utils;
			sourceTree = "<group>";
		};
		CE98D2A32CC65C250017E477 /* Extensions */ = {
			isa = PBXGroup;
			children = (
				CE98D2AA2CC65CC50017E477 /* Texts.swift */,
			);
			path = Extensions;
			sourceTree = "<group>";
		};
		CE98D2A42CC65C2D0017E477 /* Localization */ = {
			isa = PBXGroup;
			children = (
				CE98D2A82CC65CA60017E477 /* Localize.swift */,
				CE98D2AC2CC65CEF0017E477 /* Localizable.strings */,
			);
			path = Localization;
			sourceTree = "<group>";
		};
		CE98D2A52CC65C490017E477 /* Shape */ = {
			isa = PBXGroup;
			children = (
				E7666F2A2CC68557009C2FC5 /* EnabledButton.swift */,
				CE98D2A62CC65C640017E477 /* RoundedCornersShape.swift */,
			);
			path = Shape;
			sourceTree = "<group>";
		};
		CE98D2AF2CC65DEA0017E477 /* Resources */ = {
			isa = PBXGroup;
			children = (
				F3C8CB422CC658C9002DE72A /* Assets.xcassets */,
			);
			path = Resources;
			sourceTree = "<group>";
		};
		E7666F2E2CC687F2009C2FC5 /* Extension + View */ = {
			isa = PBXGroup;
			children = (
				E7488D492CC7AAEC00345154 /* View.swift */,
				E7BCB52A2CC66D27007D497F /* ValidationTextField.swift */,
				E7666F2C2CC68793009C2FC5 /* CustomNavBarModifier.swift */,
			);
			path = "Extension + View";
			sourceTree = "<group>";
		};
		E7911F3D2CC6674900ADF52F /* Views */ = {
			isa = PBXGroup;
			children = (
				E7911F582CC667CC00ADF52F /* SignInView.swift */,
			);
			path = Views;
			sourceTree = "<group>";
		};
		F3C8CB322CC658C6002DE72A = {
			isa = PBXGroup;
			children = (
				F3C8CB3D2CC658C6002DE72A /* Birthday */,
				F3C8CB3C2CC658C6002DE72A /* Products */,
			);
			sourceTree = "<group>";
		};
		F3C8CB3C2CC658C6002DE72A /* Products */ = {
			isa = PBXGroup;
			children = (
				F3C8CB3B2CC658C6002DE72A /* Birthday.app */,
			);
			name = Products;
			sourceTree = "<group>";
		};
		F3C8CB3D2CC658C6002DE72A /* Birthday */ = {
			isa = PBXGroup;
			children = (
				E7BCB5262CC66C8D007D497F /* ViewModels */,
				E7911F3D2CC6674900ADF52F /* Views */,
				CE98D29C2CC65BE10017E477 /* App */,
				CE98D2A12CC65C100017E477 /* Utils */,
				CE98D2A02CC65C050017E477 /* Screens */,
				CE98D29E2CC65BF70017E477 /* NetworkLayer */,
				CE98D29D2CC65BE60017E477 /* Models */,
				CE98D2AF2CC65DEA0017E477 /* Resources */,
				F3C8CB442CC658C9002DE72A /* Preview Content */,
			);
			path = Birthday;
			sourceTree = "<group>";
		};
		F3C8CB442CC658C9002DE72A /* Preview Content */ = {
			isa = PBXGroup;
			children = (
				F3C8CB452CC658C9002DE72A /* Preview Assets.xcassets */,
			);
			path = "Preview Content";
			sourceTree = "<group>";
		};
/* End PBXGroup section */

/* Begin PBXNativeTarget section */
		F3C8CB3A2CC658C6002DE72A /* Birthday */ = {
			isa = PBXNativeTarget;
			buildConfigurationList = F3C8CB492CC658C9002DE72A /* Build configuration list for PBXNativeTarget "Birthday" */;
			buildPhases = (
				F3C8CB372CC658C6002DE72A /* Sources */,
				F3C8CB382CC658C6002DE72A /* Frameworks */,
				F3C8CB392CC658C6002DE72A /* Resources */,
			);
			buildRules = (
			);
			dependencies = (
			);
			fileSystemSynchronizedGroups = (
				E7BCB5262CC66C8D007D497F /* ViewModels */,
			);
			name = Birthday;
			productName = Birthday;
			productReference = F3C8CB3B2CC658C6002DE72A /* Birthday.app */;
			productType = "com.apple.product-type.application";
		};
/* End PBXNativeTarget section */

/* Begin PBXProject section */
		F3C8CB332CC658C6002DE72A /* Project object */ = {
			isa = PBXProject;
			attributes = {
				BuildIndependentTargetsInParallel = 1;
				LastSwiftUpdateCheck = 1520;
				LastUpgradeCheck = 1520;
				TargetAttributes = {
					F3C8CB3A2CC658C6002DE72A = {
						CreatedOnToolsVersion = 15.2;
					};
				};
			};
			buildConfigurationList = F3C8CB362CC658C6002DE72A /* Build configuration list for PBXProject "Birthday" */;
			compatibilityVersion = "Xcode 14.0";
			developmentRegion = en;
			hasScannedForEncodings = 0;
			knownRegions = (
				en,
				Base,
			);
			mainGroup = F3C8CB322CC658C6002DE72A;
			productRefGroup = F3C8CB3C2CC658C6002DE72A /* Products */;
			projectDirPath = "";
			projectRoot = "";
			targets = (
				F3C8CB3A2CC658C6002DE72A /* Birthday */,
			);
		};
/* End PBXProject section */

/* Begin PBXResourcesBuildPhase section */
		F3C8CB392CC658C6002DE72A /* Resources */ = {
			isa = PBXResourcesBuildPhase;
			buildActionMask = 2147483647;
			files = (
				F3C8CB462CC658C9002DE72A /* Preview Assets.xcassets in Resources */,
				CE98D2AE2CC65CEF0017E477 /* Localizable.strings in Resources */,
				F3C8CB432CC658C9002DE72A /* Assets.xcassets in Resources */,
			);
			runOnlyForDeploymentPostprocessing = 0;
		};
/* End PBXResourcesBuildPhase section */

/* Begin PBXSourcesBuildPhase section */
		F3C8CB372CC658C6002DE72A /* Sources */ = {
			isa = PBXSourcesBuildPhase;
			buildActionMask = 2147483647;
			files = (
				CE98D2A92CC65CA60017E477 /* Localize.swift in Sources */,
				E7666F2D2CC687EA009C2FC5 /* CustomNavBarModifier.swift in Sources */,
				E7BCB52B2CC66D27007D497F /* ValidationTextField.swift in Sources */,
				E7911F592CC667CC00ADF52F /* SignInView.swift in Sources */,
				CE98D2A72CC65C640017E477 /* RoundedCornersShape.swift in Sources */,
				F3C8CB412CC658C6002DE72A /* ContentView.swift in Sources */,
				CE98D2AB2CC65CC50017E477 /* Texts.swift in Sources */,
				F3C8CB3F2CC658C6002DE72A /* BirthdayApp.swift in Sources */,
				E7488D4A2CC7AAF200345154 /* View.swift in Sources */,
				E7666F2B2CC68577009C2FC5 /* EnabledButton.swift in Sources */,
			);
			runOnlyForDeploymentPostprocessing = 0;
		};
/* End PBXSourcesBuildPhase section */

/* Begin PBXVariantGroup section */
		CE98D2AC2CC65CEF0017E477 /* Localizable.strings */ = {
			isa = PBXVariantGroup;
			children = (
				CE98D2AD2CC65CEF0017E477 /* en */,
			);
			name = Localizable.strings;
			sourceTree = "<group>";
		};
/* End PBXVariantGroup section */

/* Begin XCBuildConfiguration section */
		F3C8CB472CC658C9002DE72A /* Debug */ = {
			isa = XCBuildConfiguration;
			buildSettings = {
				ALWAYS_SEARCH_USER_PATHS = NO;
				ASSETCATALOG_COMPILER_GENERATE_SWIFT_ASSET_SYMBOL_EXTENSIONS = YES;
				CLANG_ANALYZER_NONNULL = YES;
				CLANG_ANALYZER_NUMBER_OBJECT_CONVERSION = YES_AGGRESSIVE;
				CLANG_CXX_LANGUAGE_STANDARD = "gnu++20";
				CLANG_ENABLE_MODULES = YES;
				CLANG_ENABLE_OBJC_ARC = YES;
				CLANG_ENABLE_OBJC_WEAK = YES;
				CLANG_WARN_BLOCK_CAPTURE_AUTORELEASING = YES;
				CLANG_WARN_BOOL_CONVERSION = YES;
				CLANG_WARN_COMMA = YES;
				CLANG_WARN_CONSTANT_CONVERSION = YES;
				CLANG_WARN_DEPRECATED_OBJC_IMPLEMENTATIONS = YES;
				CLANG_WARN_DIRECT_OBJC_ISA_USAGE = YES_ERROR;
				CLANG_WARN_DOCUMENTATION_COMMENTS = YES;
				CLANG_WARN_EMPTY_BODY = YES;
				CLANG_WARN_ENUM_CONVERSION = YES;
				CLANG_WARN_INFINITE_RECURSION = YES;
				CLANG_WARN_INT_CONVERSION = YES;
				CLANG_WARN_NON_LITERAL_NULL_CONVERSION = YES;
				CLANG_WARN_OBJC_IMPLICIT_RETAIN_SELF = YES;
				CLANG_WARN_OBJC_LITERAL_CONVERSION = YES;
				CLANG_WARN_OBJC_ROOT_CLASS = YES_ERROR;
				CLANG_WARN_QUOTED_INCLUDE_IN_FRAMEWORK_HEADER = YES;
				CLANG_WARN_RANGE_LOOP_ANALYSIS = YES;
				CLANG_WARN_STRICT_PROTOTYPES = YES;
				CLANG_WARN_SUSPICIOUS_MOVE = YES;
				CLANG_WARN_UNGUARDED_AVAILABILITY = YES_AGGRESSIVE;
				CLANG_WARN_UNREACHABLE_CODE = YES;
				CLANG_WARN__DUPLICATE_METHOD_MATCH = YES;
				COPY_PHASE_STRIP = NO;
				DEBUG_INFORMATION_FORMAT = dwarf;
				ENABLE_STRICT_OBJC_MSGSEND = YES;
				ENABLE_TESTABILITY = YES;
				ENABLE_USER_SCRIPT_SANDBOXING = YES;
				GCC_C_LANGUAGE_STANDARD = gnu17;
				GCC_DYNAMIC_NO_PIC = NO;
				GCC_NO_COMMON_BLOCKS = YES;
				GCC_OPTIMIZATION_LEVEL = 0;
				GCC_PREPROCESSOR_DEFINITIONS = (
					"DEBUG=1",
					"$(inherited)",
				);
				GCC_WARN_64_TO_32_BIT_CONVERSION = YES;
				GCC_WARN_ABOUT_RETURN_TYPE = YES_ERROR;
				GCC_WARN_UNDECLARED_SELECTOR = YES;
				GCC_WARN_UNINITIALIZED_AUTOS = YES_AGGRESSIVE;
				GCC_WARN_UNUSED_FUNCTION = YES;
				GCC_WARN_UNUSED_VARIABLE = YES;
				IPHONEOS_DEPLOYMENT_TARGET = 17.2;
				LOCALIZATION_PREFERS_STRING_CATALOGS = YES;
				MTL_ENABLE_DEBUG_INFO = INCLUDE_SOURCE;
				MTL_FAST_MATH = YES;
				ONLY_ACTIVE_ARCH = YES;
				SDKROOT = iphoneos;
				SWIFT_ACTIVE_COMPILATION_CONDITIONS = "DEBUG $(inherited)";
				SWIFT_OPTIMIZATION_LEVEL = "-Onone";
			};
			name = Debug;
		};
		F3C8CB482CC658C9002DE72A /* Release */ = {
			isa = XCBuildConfiguration;
			buildSettings = {
				ALWAYS_SEARCH_USER_PATHS = NO;
				ASSETCATALOG_COMPILER_GENERATE_SWIFT_ASSET_SYMBOL_EXTENSIONS = YES;
				CLANG_ANALYZER_NONNULL = YES;
				CLANG_ANALYZER_NUMBER_OBJECT_CONVERSION = YES_AGGRESSIVE;
				CLANG_CXX_LANGUAGE_STANDARD = "gnu++20";
				CLANG_ENABLE_MODULES = YES;
				CLANG_ENABLE_OBJC_ARC = YES;
				CLANG_ENABLE_OBJC_WEAK = YES;
				CLANG_WARN_BLOCK_CAPTURE_AUTORELEASING = YES;
				CLANG_WARN_BOOL_CONVERSION = YES;
				CLANG_WARN_COMMA = YES;
				CLANG_WARN_CONSTANT_CONVERSION = YES;
				CLANG_WARN_DEPRECATED_OBJC_IMPLEMENTATIONS = YES;
				CLANG_WARN_DIRECT_OBJC_ISA_USAGE = YES_ERROR;
				CLANG_WARN_DOCUMENTATION_COMMENTS = YES;
				CLANG_WARN_EMPTY_BODY = YES;
				CLANG_WARN_ENUM_CONVERSION = YES;
				CLANG_WARN_INFINITE_RECURSION = YES;
				CLANG_WARN_INT_CONVERSION = YES;
				CLANG_WARN_NON_LITERAL_NULL_CONVERSION = YES;
				CLANG_WARN_OBJC_IMPLICIT_RETAIN_SELF = YES;
				CLANG_WARN_OBJC_LITERAL_CONVERSION = YES;
				CLANG_WARN_OBJC_ROOT_CLASS = YES_ERROR;
				CLANG_WARN_QUOTED_INCLUDE_IN_FRAMEWORK_HEADER = YES;
				CLANG_WARN_RANGE_LOOP_ANALYSIS = YES;
				CLANG_WARN_STRICT_PROTOTYPES = YES;
				CLANG_WARN_SUSPICIOUS_MOVE = YES;
				CLANG_WARN_UNGUARDED_AVAILABILITY = YES_AGGRESSIVE;
				CLANG_WARN_UNREACHABLE_CODE = YES;
				CLANG_WARN__DUPLICATE_METHOD_MATCH = YES;
				COPY_PHASE_STRIP = NO;
				DEBUG_INFORMATION_FORMAT = "dwarf-with-dsym";
				ENABLE_NS_ASSERTIONS = NO;
				ENABLE_STRICT_OBJC_MSGSEND = YES;
				ENABLE_USER_SCRIPT_SANDBOXING = YES;
				GCC_C_LANGUAGE_STANDARD = gnu17;
				GCC_NO_COMMON_BLOCKS = YES;
				GCC_WARN_64_TO_32_BIT_CONVERSION = YES;
				GCC_WARN_ABOUT_RETURN_TYPE = YES_ERROR;
				GCC_WARN_UNDECLARED_SELECTOR = YES;
				GCC_WARN_UNINITIALIZED_AUTOS = YES_AGGRESSIVE;
				GCC_WARN_UNUSED_FUNCTION = YES;
				GCC_WARN_UNUSED_VARIABLE = YES;
				IPHONEOS_DEPLOYMENT_TARGET = 17.2;
				LOCALIZATION_PREFERS_STRING_CATALOGS = YES;
				MTL_ENABLE_DEBUG_INFO = NO;
				MTL_FAST_MATH = YES;
				SDKROOT = iphoneos;
				SWIFT_COMPILATION_MODE = wholemodule;
				VALIDATE_PRODUCT = YES;
			};
			name = Release;
		};
		F3C8CB4A2CC658C9002DE72A /* Debug */ = {
			isa = XCBuildConfiguration;
			buildSettings = {
				ASSETCATALOG_COMPILER_APPICON_NAME = AppIcon;
				ASSETCATALOG_COMPILER_GLOBAL_ACCENT_COLOR_NAME = AccentColor;
				CODE_SIGN_STYLE = Automatic;
				CURRENT_PROJECT_VERSION = 1;
				DEVELOPMENT_ASSET_PATHS = "\"Birthday/Preview Content\"";
				DEVELOPMENT_TEAM = QAG24BGKCF;
				ENABLE_PREVIEWS = YES;
				GENERATE_INFOPLIST_FILE = YES;
				INFOPLIST_KEY_UIApplicationSceneManifest_Generation = YES;
				INFOPLIST_KEY_UIApplicationSupportsIndirectInputEvents = YES;
				INFOPLIST_KEY_UILaunchScreen_Generation = YES;
				INFOPLIST_KEY_UISupportedInterfaceOrientations_iPad = "UIInterfaceOrientationPortrait UIInterfaceOrientationPortraitUpsideDown UIInterfaceOrientationLandscapeLeft UIInterfaceOrientationLandscapeRight";
				INFOPLIST_KEY_UISupportedInterfaceOrientations_iPhone = "UIInterfaceOrientationPortrait UIInterfaceOrientationLandscapeLeft UIInterfaceOrientationLandscapeRight";
				IPHONEOS_DEPLOYMENT_TARGET = 16.0;
				LD_RUNPATH_SEARCH_PATHS = (
					"$(inherited)",
					"@executable_path/Frameworks",
				);
				MARKETING_VERSION = 1.0;
				PRODUCT_BUNDLE_IDENTIFIER = com.Birthday.ios;
				PRODUCT_NAME = "$(TARGET_NAME)";
				SUPPORTED_PLATFORMS = "iphoneos iphonesimulator";
				SUPPORTS_MACCATALYST = NO;
				SUPPORTS_MAC_DESIGNED_FOR_IPHONE_IPAD = NO;
				SUPPORTS_XR_DESIGNED_FOR_IPHONE_IPAD = NO;
				SWIFT_EMIT_LOC_STRINGS = YES;
				SWIFT_VERSION = 5.0;
				TARGETED_DEVICE_FAMILY = "1,2";
			};
			name = Debug;
		};
		F3C8CB4B2CC658C9002DE72A /* Release */ = {
			isa = XCBuildConfiguration;
			buildSettings = {
				ASSETCATALOG_COMPILER_APPICON_NAME = AppIcon;
				ASSETCATALOG_COMPILER_GLOBAL_ACCENT_COLOR_NAME = AccentColor;
				CODE_SIGN_STYLE = Automatic;
				CURRENT_PROJECT_VERSION = 1;
				DEVELOPMENT_ASSET_PATHS = "\"Birthday/Preview Content\"";
				DEVELOPMENT_TEAM = QAG24BGKCF;
				ENABLE_PREVIEWS = YES;
				GENERATE_INFOPLIST_FILE = YES;
				INFOPLIST_KEY_UIApplicationSceneManifest_Generation = YES;
				INFOPLIST_KEY_UIApplicationSupportsIndirectInputEvents = YES;
				INFOPLIST_KEY_UILaunchScreen_Generation = YES;
				INFOPLIST_KEY_UISupportedInterfaceOrientations_iPad = "UIInterfaceOrientationPortrait UIInterfaceOrientationPortraitUpsideDown UIInterfaceOrientationLandscapeLeft UIInterfaceOrientationLandscapeRight";
				INFOPLIST_KEY_UISupportedInterfaceOrientations_iPhone = "UIInterfaceOrientationPortrait UIInterfaceOrientationLandscapeLeft UIInterfaceOrientationLandscapeRight";
				IPHONEOS_DEPLOYMENT_TARGET = 16.0;
				LD_RUNPATH_SEARCH_PATHS = (
					"$(inherited)",
					"@executable_path/Frameworks",
				);
				MARKETING_VERSION = 1.0;
				PRODUCT_BUNDLE_IDENTIFIER = com.Birthday.ios;
				PRODUCT_NAME = "$(TARGET_NAME)";
				SUPPORTED_PLATFORMS = "iphoneos iphonesimulator";
				SUPPORTS_MACCATALYST = NO;
				SUPPORTS_MAC_DESIGNED_FOR_IPHONE_IPAD = NO;
				SUPPORTS_XR_DESIGNED_FOR_IPHONE_IPAD = NO;
				SWIFT_EMIT_LOC_STRINGS = YES;
				SWIFT_VERSION = 5.0;
				TARGETED_DEVICE_FAMILY = "1,2";
			};
			name = Release;
		};
/* End XCBuildConfiguration section */

/* Begin XCConfigurationList section */
		F3C8CB362CC658C6002DE72A /* Build configuration list for PBXProject "Birthday" */ = {
			isa = XCConfigurationList;
			buildConfigurations = (
				F3C8CB472CC658C9002DE72A /* Debug */,
				F3C8CB482CC658C9002DE72A /* Release */,
			);
			defaultConfigurationIsVisible = 0;
			defaultConfigurationName = Release;
		};
		F3C8CB492CC658C9002DE72A /* Build configuration list for PBXNativeTarget "Birthday" */ = {
			isa = XCConfigurationList;
			buildConfigurations = (
				F3C8CB4A2CC658C9002DE72A /* Debug */,
				F3C8CB4B2CC658C9002DE72A /* Release */,
			);
			defaultConfigurationIsVisible = 0;
			defaultConfigurationName = Release;
		};
/* End XCConfigurationList section */
	};
	rootObject = F3C8CB332CC658C6002DE72A /* Project object */;
}
